// !$*UTF8*$!
{
	archiveVersion = 1;
	classes = {
	};
	objectVersion = 50;
	objects = {

/* Begin PBXBuildFile section */
		215847DD26B1490600CCBEC9 /* SimulasiCollectionViewCell.swift in Sources */ = {isa = PBXBuildFile; fileRef = 215847DB26B1490600CCBEC9 /* SimulasiCollectionViewCell.swift */; };
		215847DE26B1490600CCBEC9 /* SimulasiCollectionViewCell.xib in Resources */ = {isa = PBXBuildFile; fileRef = 215847DC26B1490600CCBEC9 /* SimulasiCollectionViewCell.xib */; };
		217A56D226CA288D0074A83F /* EyeTracking.swift in Sources */ = {isa = PBXBuildFile; fileRef = 217A56D126CA288D0074A83F /* EyeTracking.swift */; };
		217A56D426CA2B870074A83F /* FaceEmotion.swift in Sources */ = {isa = PBXBuildFile; fileRef = 217A56D326CA2B870074A83F /* FaceEmotion.swift */; };
		219747EE26B0125B00A81309 /* DaftarSimulasiViewController.swift in Sources */ = {isa = PBXBuildFile; fileRef = 219747EC26B0125B00A81309 /* DaftarSimulasiViewController.swift */; };
		219747EF26B0125B00A81309 /* DaftarSimulasiViewController.xib in Resources */ = {isa = PBXBuildFile; fileRef = 219747ED26B0125B00A81309 /* DaftarSimulasiViewController.xib */; };
		21B3B80826BAC9C30021D94C /* FaceAndEyeTracking.swift in Sources */ = {isa = PBXBuildFile; fileRef = 21B3B80726BAC9C30021D94C /* FaceAndEyeTracking.swift */; };
		21F1A74626A9475F00E6A1B5 /* AppDelegate.swift in Sources */ = {isa = PBXBuildFile; fileRef = 21F1A74526A9475F00E6A1B5 /* AppDelegate.swift */; };
		21F1A74826A9475F00E6A1B5 /* SceneDelegate.swift in Sources */ = {isa = PBXBuildFile; fileRef = 21F1A74726A9475F00E6A1B5 /* SceneDelegate.swift */; };
		21F1A75026A9475F00E6A1B5 /* Esmeka_MC3.xcdatamodeld in Sources */ = {isa = PBXBuildFile; fileRef = 21F1A74E26A9475F00E6A1B5 /* Esmeka_MC3.xcdatamodeld */; };
		21F1A75226A9476000E6A1B5 /* Assets.xcassets in Resources */ = {isa = PBXBuildFile; fileRef = 21F1A75126A9476000E6A1B5 /* Assets.xcassets */; };
		21F1A75526A9476000E6A1B5 /* LaunchScreen.storyboard in Resources */ = {isa = PBXBuildFile; fileRef = 21F1A75326A9476000E6A1B5 /* LaunchScreen.storyboard */; };
		52433A3326B7D37A0048C0D4 /* s1c1.mp4 in Resources */ = {isa = PBXBuildFile; fileRef = 52433A3226B7D37A0048C0D4 /* s1c1.mp4 */; };
		524AECA726C95E7C00FEF3C7 /* Score.swift in Sources */ = {isa = PBXBuildFile; fileRef = 524AECA626C95E7C00FEF3C7 /* Score.swift */; };
		524AECA926C95EA700FEF3C7 /* Video.swift in Sources */ = {isa = PBXBuildFile; fileRef = 524AECA826C95EA700FEF3C7 /* Video.swift */; };
		524AECAB26C95FFE00FEF3C7 /* VideoViewController.swift in Sources */ = {isa = PBXBuildFile; fileRef = 524AECAA26C95FFE00FEF3C7 /* VideoViewController.swift */; };
		525204C726B00E0E006D6E98 /* DetailPageViewController.swift in Sources */ = {isa = PBXBuildFile; fileRef = 525204C526B00E0E006D6E98 /* DetailPageViewController.swift */; };
		525204C826B00E0E006D6E98 /* DetailPageViewController.xib in Resources */ = {isa = PBXBuildFile; fileRef = 525204C626B00E0E006D6E98 /* DetailPageViewController.xib */; };
		525204CC26B01A4C006D6E98 /* CustomButton.xib in Resources */ = {isa = PBXBuildFile; fileRef = 525204CB26B01A4C006D6E98 /* CustomButton.xib */; };
		525204CF26B01A75006D6E98 /* CustomButton.swift in Sources */ = {isa = PBXBuildFile; fileRef = 525204CE26B01A75006D6E98 /* CustomButton.swift */; };
		525204D826B02A21006D6E98 /* ScoreTableViewCell.swift in Sources */ = {isa = PBXBuildFile; fileRef = 525204D626B02A21006D6E98 /* ScoreTableViewCell.swift */; };
		525204D926B02A21006D6E98 /* ScoreTableViewCell.xib in Resources */ = {isa = PBXBuildFile; fileRef = 525204D726B02A21006D6E98 /* ScoreTableViewCell.xib */; };
		525204DE26B02A4E006D6E98 /* VideoTableViewCell.swift in Sources */ = {isa = PBXBuildFile; fileRef = 525204DC26B02A4E006D6E98 /* VideoTableViewCell.swift */; };
		525204DF26B02A4E006D6E98 /* VideoTableViewCell.xib in Resources */ = {isa = PBXBuildFile; fileRef = 525204DD26B02A4E006D6E98 /* VideoTableViewCell.xib */; };
		52B678DA26AA799D0080533A /* CoredataProvider.swift in Sources */ = {isa = PBXBuildFile; fileRef = 52B678D926AA799D0080533A /* CoredataProvider.swift */; };
		52B678DD26AA7BCA0080533A /* InterviewModel.swift in Sources */ = {isa = PBXBuildFile; fileRef = 52B678DC26AA7BCA0080533A /* InterviewModel.swift */; };
		52B678DF26AA7EB10080533A /* AssessmentModel.swift in Sources */ = {isa = PBXBuildFile; fileRef = 52B678DE26AA7EB10080533A /* AssessmentModel.swift */; };
		52B678E126AA7F3A0080533A /* ScoreTypeModel.swift in Sources */ = {isa = PBXBuildFile; fileRef = 52B678E026AA7F3A0080533A /* ScoreTypeModel.swift */; };
		52D5537E26CB838D00990907 /* ScoreTypeEntity+CoreDataClass.swift in Sources */ = {isa = PBXBuildFile; fileRef = 52D5537826CB838D00990907 /* ScoreTypeEntity+CoreDataClass.swift */; };
		52D5537F26CB838D00990907 /* ScoreTypeEntity+CoreDataProperties.swift in Sources */ = {isa = PBXBuildFile; fileRef = 52D5537926CB838D00990907 /* ScoreTypeEntity+CoreDataProperties.swift */; };
		52D5538026CB838D00990907 /* AssessmentEntity+CoreDataClass.swift in Sources */ = {isa = PBXBuildFile; fileRef = 52D5537A26CB838D00990907 /* AssessmentEntity+CoreDataClass.swift */; };
		52D5538126CB838D00990907 /* AssessmentEntity+CoreDataProperties.swift in Sources */ = {isa = PBXBuildFile; fileRef = 52D5537B26CB838D00990907 /* AssessmentEntity+CoreDataProperties.swift */; };
		52D5538226CB838D00990907 /* InterviewEntity+CoreDataClass.swift in Sources */ = {isa = PBXBuildFile; fileRef = 52D5537C26CB838D00990907 /* InterviewEntity+CoreDataClass.swift */; };
		52D5538326CB838D00990907 /* InterviewEntity+CoreDataProperties.swift in Sources */ = {isa = PBXBuildFile; fileRef = 52D5537D26CB838D00990907 /* InterviewEntity+CoreDataProperties.swift */; };
		52E24F3726BCCAB900CDBA8C /* ExtensionEyeTracking.swift in Sources */ = {isa = PBXBuildFile; fileRef = 52E24F3626BCCAB900CDBA8C /* ExtensionEyeTracking.swift */; };
		84B35FE726CD09B6005F5C7E /* TimerRecordingView.swift in Sources */ = {isa = PBXBuildFile; fileRef = 84B35FE626CD09B6005F5C7E /* TimerRecordingView.swift */; };
		84B35FEA26CD4FD0005F5C7E /* TimerToMinute.swift in Sources */ = {isa = PBXBuildFile; fileRef = 84B35FE926CD4FD0005F5C7E /* TimerToMinute.swift */; };
		84B5E36026B25F9500FC9C09 /* BriefViewController.swift in Sources */ = {isa = PBXBuildFile; fileRef = 84B5E35D26B25F9500FC9C09 /* BriefViewController.swift */; };
		84B5E36126B25F9500FC9C09 /* ToggleButton.swift in Sources */ = {isa = PBXBuildFile; fileRef = 84B5E35E26B25F9500FC9C09 /* ToggleButton.swift */; };
		84B5E36226B25F9500FC9C09 /* BriefViewController.xib in Resources */ = {isa = PBXBuildFile; fileRef = 84B5E35F26B25F9500FC9C09 /* BriefViewController.xib */; };
		84B5E36726B25FAE00FC9C09 /* BriefCell.swift in Sources */ = {isa = PBXBuildFile; fileRef = 84B5E36526B25FAE00FC9C09 /* BriefCell.swift */; };
		84B5E36826B25FAE00FC9C09 /* BriefCell.xib in Resources */ = {isa = PBXBuildFile; fileRef = 84B5E36626B25FAE00FC9C09 /* BriefCell.xib */; };
		84B5E36C26B2600600FC9C09 /* CompleteViewController.swift in Sources */ = {isa = PBXBuildFile; fileRef = 84B5E36A26B2600600FC9C09 /* CompleteViewController.swift */; };
		84B5E36D26B2600600FC9C09 /* CompleteViewController.xib in Resources */ = {isa = PBXBuildFile; fileRef = 84B5E36B26B2600600FC9C09 /* CompleteViewController.xib */; };
		84B5E36F26B260BD00FC9C09 /* BriefInstructionModel.swift in Sources */ = {isa = PBXBuildFile; fileRef = 84B5E36E26B260BD00FC9C09 /* BriefInstructionModel.swift */; };
		84B5E37626B3952D00FC9C09 /* InterviewSimulationViewController.swift in Sources */ = {isa = PBXBuildFile; fileRef = 84B5E37426B3952D00FC9C09 /* InterviewSimulationViewController.swift */; };
		84B5E37726B3952D00FC9C09 /* InterviewSimulationViewController.xib in Resources */ = {isa = PBXBuildFile; fileRef = 84B5E37526B3952D00FC9C09 /* InterviewSimulationViewController.xib */; };
		84B5E37A26B3953700FC9C09 /* PromptQuestionView.swift in Sources */ = {isa = PBXBuildFile; fileRef = 84B5E37826B3953700FC9C09 /* PromptQuestionView.swift */; };
		84B5E37B26B3953700FC9C09 /* PromptQuestionView.xib in Resources */ = {isa = PBXBuildFile; fileRef = 84B5E37926B3953700FC9C09 /* PromptQuestionView.xib */; };
		84B5E37E26B395E400FC9C09 /* ColorLibrary.swift in Sources */ = {isa = PBXBuildFile; fileRef = 84B5E37D26B395E400FC9C09 /* ColorLibrary.swift */; };
		84C4BB3A26BAD011007FE5ED /* InterjectionClassifier.mlmodel in Sources */ = {isa = PBXBuildFile; fileRef = 84C4BB3826BAD011007FE5ED /* InterjectionClassifier.mlmodel */; };
		84C4BB3B26BAD011007FE5ED /* SoundEmotionClassifier.mlmodel in Sources */ = {isa = PBXBuildFile; fileRef = 84C4BB3926BAD011007FE5ED /* SoundEmotionClassifier.mlmodel */; };
		84C4BB4126BAD215007FE5ED /* ResultObserver.swift in Sources */ = {isa = PBXBuildFile; fileRef = 84C4BB4026BAD215007FE5ED /* ResultObserver.swift */; };
		D85D1AF926B8612200B8E806 /* scoreType.swift in Sources */ = {isa = PBXBuildFile; fileRef = D85D1AF826B8612200B8E806 /* scoreType.swift */; };
		D85D1B2F26BB0ED600B8E806 /* RecordingFeature.swift in Sources */ = {isa = PBXBuildFile; fileRef = D85D1B2E26BB0ED600B8E806 /* RecordingFeature.swift */; };
		D86661A226C5821A00295FED /* Coordinate.swift in Sources */ = {isa = PBXBuildFile; fileRef = D86661A126C5821A00295FED /* Coordinate.swift */; };
		D86661A426C5906B00295FED /* VoiceClassifierEngine.swift in Sources */ = {isa = PBXBuildFile; fileRef = D86661A326C5906B00295FED /* VoiceClassifierEngine.swift */; };
		D867CC5826BC0668007B3EE3 /* InterviewQuestionsSource.swift in Sources */ = {isa = PBXBuildFile; fileRef = D867CC5726BC0668007B3EE3 /* InterviewQuestionsSource.swift */; };
		D867CC5D26BC4F6C007B3EE3 /* TimerView.swift in Sources */ = {isa = PBXBuildFile; fileRef = D867CC5C26BC4F6C007B3EE3 /* TimerView.swift */; };
		D867CC5F26BC4F7A007B3EE3 /* TimerView.xib in Resources */ = {isa = PBXBuildFile; fileRef = D867CC5E26BC4F7A007B3EE3 /* TimerView.xib */; };
		D867CC6326BDCB9D007B3EE3 /* VideoFetchClass.swift in Sources */ = {isa = PBXBuildFile; fileRef = D867CC6226BDCB9D007B3EE3 /* VideoFetchClass.swift */; };
		D8A6CCAF26CED06600700823 /* FaceEmotionSentimentClassifier.mlmodel in Sources */ = {isa = PBXBuildFile; fileRef = D8A6CCAE26CED06600700823 /* FaceEmotionSentimentClassifier.mlmodel */; };
/* End PBXBuildFile section */

/* Begin PBXFileReference section */
		215847DB26B1490600CCBEC9 /* SimulasiCollectionViewCell.swift */ = {isa = PBXFileReference; lastKnownFileType = sourcecode.swift; path = SimulasiCollectionViewCell.swift; sourceTree = "<group>"; };
		215847DC26B1490600CCBEC9 /* SimulasiCollectionViewCell.xib */ = {isa = PBXFileReference; lastKnownFileType = file.xib; path = SimulasiCollectionViewCell.xib; sourceTree = "<group>"; };
		217A56D126CA288D0074A83F /* EyeTracking.swift */ = {isa = PBXFileReference; lastKnownFileType = sourcecode.swift; path = EyeTracking.swift; sourceTree = "<group>"; };
		217A56D326CA2B870074A83F /* FaceEmotion.swift */ = {isa = PBXFileReference; lastKnownFileType = sourcecode.swift; path = FaceEmotion.swift; sourceTree = "<group>"; };
		219747EC26B0125B00A81309 /* DaftarSimulasiViewController.swift */ = {isa = PBXFileReference; lastKnownFileType = sourcecode.swift; path = DaftarSimulasiViewController.swift; sourceTree = "<group>"; };
		219747ED26B0125B00A81309 /* DaftarSimulasiViewController.xib */ = {isa = PBXFileReference; lastKnownFileType = file.xib; path = DaftarSimulasiViewController.xib; sourceTree = "<group>"; };
		21B3B80726BAC9C30021D94C /* FaceAndEyeTracking.swift */ = {isa = PBXFileReference; lastKnownFileType = sourcecode.swift; path = FaceAndEyeTracking.swift; sourceTree = "<group>"; };
		21F1A74226A9475F00E6A1B5 /* Esmeka-MC3.app */ = {isa = PBXFileReference; explicitFileType = wrapper.application; includeInIndex = 0; path = "Esmeka-MC3.app"; sourceTree = BUILT_PRODUCTS_DIR; };
		21F1A74526A9475F00E6A1B5 /* AppDelegate.swift */ = {isa = PBXFileReference; lastKnownFileType = sourcecode.swift; path = AppDelegate.swift; sourceTree = "<group>"; };
		21F1A74726A9475F00E6A1B5 /* SceneDelegate.swift */ = {isa = PBXFileReference; lastKnownFileType = sourcecode.swift; path = SceneDelegate.swift; sourceTree = "<group>"; };
		21F1A74F26A9475F00E6A1B5 /* Esmeka_MC3.xcdatamodel */ = {isa = PBXFileReference; lastKnownFileType = wrapper.xcdatamodel; path = Esmeka_MC3.xcdatamodel; sourceTree = "<group>"; };
		21F1A75126A9476000E6A1B5 /* Assets.xcassets */ = {isa = PBXFileReference; lastKnownFileType = folder.assetcatalog; path = Assets.xcassets; sourceTree = "<group>"; };
		21F1A75426A9476000E6A1B5 /* Base */ = {isa = PBXFileReference; lastKnownFileType = file.storyboard; name = Base; path = Base.lproj/LaunchScreen.storyboard; sourceTree = "<group>"; };
		21F1A75626A9476000E6A1B5 /* Info.plist */ = {isa = PBXFileReference; lastKnownFileType = text.plist.xml; path = Info.plist; sourceTree = "<group>"; };
		52433A3226B7D37A0048C0D4 /* s1c1.mp4 */ = {isa = PBXFileReference; lastKnownFileType = file; path = s1c1.mp4; sourceTree = "<group>"; };
		524AECA626C95E7C00FEF3C7 /* Score.swift */ = {isa = PBXFileReference; lastKnownFileType = sourcecode.swift; path = Score.swift; sourceTree = "<group>"; };
		524AECA826C95EA700FEF3C7 /* Video.swift */ = {isa = PBXFileReference; lastKnownFileType = sourcecode.swift; path = Video.swift; sourceTree = "<group>"; };
		524AECAA26C95FFE00FEF3C7 /* VideoViewController.swift */ = {isa = PBXFileReference; lastKnownFileType = sourcecode.swift; path = VideoViewController.swift; sourceTree = "<group>"; };
		525204C526B00E0E006D6E98 /* DetailPageViewController.swift */ = {isa = PBXFileReference; lastKnownFileType = sourcecode.swift; path = DetailPageViewController.swift; sourceTree = "<group>"; };
		525204C626B00E0E006D6E98 /* DetailPageViewController.xib */ = {isa = PBXFileReference; lastKnownFileType = file.xib; path = DetailPageViewController.xib; sourceTree = "<group>"; };
		525204CB26B01A4C006D6E98 /* CustomButton.xib */ = {isa = PBXFileReference; lastKnownFileType = file.xib; path = CustomButton.xib; sourceTree = "<group>"; };
		525204CE26B01A75006D6E98 /* CustomButton.swift */ = {isa = PBXFileReference; lastKnownFileType = sourcecode.swift; path = CustomButton.swift; sourceTree = "<group>"; };
		525204D626B02A21006D6E98 /* ScoreTableViewCell.swift */ = {isa = PBXFileReference; lastKnownFileType = sourcecode.swift; path = ScoreTableViewCell.swift; sourceTree = "<group>"; };
		525204D726B02A21006D6E98 /* ScoreTableViewCell.xib */ = {isa = PBXFileReference; lastKnownFileType = file.xib; path = ScoreTableViewCell.xib; sourceTree = "<group>"; };
		525204DC26B02A4E006D6E98 /* VideoTableViewCell.swift */ = {isa = PBXFileReference; lastKnownFileType = sourcecode.swift; path = VideoTableViewCell.swift; sourceTree = "<group>"; };
		525204DD26B02A4E006D6E98 /* VideoTableViewCell.xib */ = {isa = PBXFileReference; lastKnownFileType = file.xib; path = VideoTableViewCell.xib; sourceTree = "<group>"; };
		52B678D926AA799D0080533A /* CoredataProvider.swift */ = {isa = PBXFileReference; lastKnownFileType = sourcecode.swift; path = CoredataProvider.swift; sourceTree = "<group>"; };
		52B678DC26AA7BCA0080533A /* InterviewModel.swift */ = {isa = PBXFileReference; lastKnownFileType = sourcecode.swift; path = InterviewModel.swift; sourceTree = "<group>"; };
		52B678DE26AA7EB10080533A /* AssessmentModel.swift */ = {isa = PBXFileReference; lastKnownFileType = sourcecode.swift; path = AssessmentModel.swift; sourceTree = "<group>"; };
		52B678E026AA7F3A0080533A /* ScoreTypeModel.swift */ = {isa = PBXFileReference; lastKnownFileType = sourcecode.swift; path = ScoreTypeModel.swift; sourceTree = "<group>"; };
		52D5537826CB838D00990907 /* ScoreTypeEntity+CoreDataClass.swift */ = {isa = PBXFileReference; lastKnownFileType = sourcecode.swift; path = "ScoreTypeEntity+CoreDataClass.swift"; sourceTree = "<group>"; };
		52D5537926CB838D00990907 /* ScoreTypeEntity+CoreDataProperties.swift */ = {isa = PBXFileReference; lastKnownFileType = sourcecode.swift; path = "ScoreTypeEntity+CoreDataProperties.swift"; sourceTree = "<group>"; };
		52D5537A26CB838D00990907 /* AssessmentEntity+CoreDataClass.swift */ = {isa = PBXFileReference; lastKnownFileType = sourcecode.swift; path = "AssessmentEntity+CoreDataClass.swift"; sourceTree = "<group>"; };
		52D5537B26CB838D00990907 /* AssessmentEntity+CoreDataProperties.swift */ = {isa = PBXFileReference; lastKnownFileType = sourcecode.swift; path = "AssessmentEntity+CoreDataProperties.swift"; sourceTree = "<group>"; };
		52D5537C26CB838D00990907 /* InterviewEntity+CoreDataClass.swift */ = {isa = PBXFileReference; lastKnownFileType = sourcecode.swift; path = "InterviewEntity+CoreDataClass.swift"; sourceTree = "<group>"; };
		52D5537D26CB838D00990907 /* InterviewEntity+CoreDataProperties.swift */ = {isa = PBXFileReference; lastKnownFileType = sourcecode.swift; path = "InterviewEntity+CoreDataProperties.swift"; sourceTree = "<group>"; };
		52E24F3626BCCAB900CDBA8C /* ExtensionEyeTracking.swift */ = {isa = PBXFileReference; lastKnownFileType = sourcecode.swift; path = ExtensionEyeTracking.swift; sourceTree = "<group>"; };
		84B35FE626CD09B6005F5C7E /* TimerRecordingView.swift */ = {isa = PBXFileReference; lastKnownFileType = sourcecode.swift; path = TimerRecordingView.swift; sourceTree = "<group>"; };
		84B35FE926CD4FD0005F5C7E /* TimerToMinute.swift */ = {isa = PBXFileReference; lastKnownFileType = sourcecode.swift; path = TimerToMinute.swift; sourceTree = "<group>"; };
		84B5E35D26B25F9500FC9C09 /* BriefViewController.swift */ = {isa = PBXFileReference; fileEncoding = 4; lastKnownFileType = sourcecode.swift; path = BriefViewController.swift; sourceTree = "<group>"; };
		84B5E35E26B25F9500FC9C09 /* ToggleButton.swift */ = {isa = PBXFileReference; fileEncoding = 4; lastKnownFileType = sourcecode.swift; path = ToggleButton.swift; sourceTree = "<group>"; };
		84B5E35F26B25F9500FC9C09 /* BriefViewController.xib */ = {isa = PBXFileReference; fileEncoding = 4; lastKnownFileType = file.xib; path = BriefViewController.xib; sourceTree = "<group>"; };
		84B5E36526B25FAE00FC9C09 /* BriefCell.swift */ = {isa = PBXFileReference; fileEncoding = 4; lastKnownFileType = sourcecode.swift; path = BriefCell.swift; sourceTree = "<group>"; };
		84B5E36626B25FAE00FC9C09 /* BriefCell.xib */ = {isa = PBXFileReference; fileEncoding = 4; lastKnownFileType = file.xib; path = BriefCell.xib; sourceTree = "<group>"; };
		84B5E36A26B2600600FC9C09 /* CompleteViewController.swift */ = {isa = PBXFileReference; fileEncoding = 4; lastKnownFileType = sourcecode.swift; path = CompleteViewController.swift; sourceTree = "<group>"; };
		84B5E36B26B2600600FC9C09 /* CompleteViewController.xib */ = {isa = PBXFileReference; fileEncoding = 4; lastKnownFileType = file.xib; path = CompleteViewController.xib; sourceTree = "<group>"; };
		84B5E36E26B260BD00FC9C09 /* BriefInstructionModel.swift */ = {isa = PBXFileReference; lastKnownFileType = sourcecode.swift; path = BriefInstructionModel.swift; sourceTree = "<group>"; };
		84B5E37426B3952D00FC9C09 /* InterviewSimulationViewController.swift */ = {isa = PBXFileReference; fileEncoding = 4; lastKnownFileType = sourcecode.swift; path = InterviewSimulationViewController.swift; sourceTree = "<group>"; };
		84B5E37526B3952D00FC9C09 /* InterviewSimulationViewController.xib */ = {isa = PBXFileReference; fileEncoding = 4; lastKnownFileType = file.xib; path = InterviewSimulationViewController.xib; sourceTree = "<group>"; };
		84B5E37826B3953700FC9C09 /* PromptQuestionView.swift */ = {isa = PBXFileReference; fileEncoding = 4; lastKnownFileType = sourcecode.swift; path = PromptQuestionView.swift; sourceTree = "<group>"; };
		84B5E37926B3953700FC9C09 /* PromptQuestionView.xib */ = {isa = PBXFileReference; fileEncoding = 4; lastKnownFileType = file.xib; path = PromptQuestionView.xib; sourceTree = "<group>"; };
		84B5E37D26B395E400FC9C09 /* ColorLibrary.swift */ = {isa = PBXFileReference; fileEncoding = 4; lastKnownFileType = sourcecode.swift; path = ColorLibrary.swift; sourceTree = "<group>"; };
		84C4BB3826BAD011007FE5ED /* InterjectionClassifier.mlmodel */ = {isa = PBXFileReference; lastKnownFileType = file.mlmodel; path = InterjectionClassifier.mlmodel; sourceTree = "<group>"; };
		84C4BB3926BAD011007FE5ED /* SoundEmotionClassifier.mlmodel */ = {isa = PBXFileReference; lastKnownFileType = file.mlmodel; path = SoundEmotionClassifier.mlmodel; sourceTree = "<group>"; };
		84C4BB4026BAD215007FE5ED /* ResultObserver.swift */ = {isa = PBXFileReference; fileEncoding = 4; lastKnownFileType = sourcecode.swift; path = ResultObserver.swift; sourceTree = "<group>"; };
		D85D1AF826B8612200B8E806 /* scoreType.swift */ = {isa = PBXFileReference; lastKnownFileType = sourcecode.swift; path = scoreType.swift; sourceTree = "<group>"; };
		D85D1B2E26BB0ED600B8E806 /* RecordingFeature.swift */ = {isa = PBXFileReference; lastKnownFileType = sourcecode.swift; path = RecordingFeature.swift; sourceTree = "<group>"; };
		D86661A126C5821A00295FED /* Coordinate.swift */ = {isa = PBXFileReference; lastKnownFileType = sourcecode.swift; path = Coordinate.swift; sourceTree = "<group>"; };
		D86661A326C5906B00295FED /* VoiceClassifierEngine.swift */ = {isa = PBXFileReference; lastKnownFileType = sourcecode.swift; path = VoiceClassifierEngine.swift; sourceTree = "<group>"; };
		D867CC5726BC0668007B3EE3 /* InterviewQuestionsSource.swift */ = {isa = PBXFileReference; lastKnownFileType = sourcecode.swift; path = InterviewQuestionsSource.swift; sourceTree = "<group>"; };
		D867CC5C26BC4F6C007B3EE3 /* TimerView.swift */ = {isa = PBXFileReference; lastKnownFileType = sourcecode.swift; path = TimerView.swift; sourceTree = "<group>"; };
		D867CC5E26BC4F7A007B3EE3 /* TimerView.xib */ = {isa = PBXFileReference; lastKnownFileType = file.xib; path = TimerView.xib; sourceTree = "<group>"; };
		D867CC6226BDCB9D007B3EE3 /* VideoFetchClass.swift */ = {isa = PBXFileReference; lastKnownFileType = sourcecode.swift; path = VideoFetchClass.swift; sourceTree = "<group>"; };
		D8A6CCAE26CED06600700823 /* FaceEmotionSentimentClassifier.mlmodel */ = {isa = PBXFileReference; lastKnownFileType = file.mlmodel; path = FaceEmotionSentimentClassifier.mlmodel; sourceTree = "<group>"; };
/* End PBXFileReference section */

/* Begin PBXFrameworksBuildPhase section */
		21F1A73F26A9475F00E6A1B5 /* Frameworks */ = {
			isa = PBXFrameworksBuildPhase;
			buildActionMask = 2147483647;
			files = (
			);
			runOnlyForDeploymentPostprocessing = 0;
		};
/* End PBXFrameworksBuildPhase section */

/* Begin PBXGroup section */
		215847DA26B148A700CCBEC9 /* Simulasi Cell */ = {
			isa = PBXGroup;
			children = (
				215847DB26B1490600CCBEC9 /* SimulasiCollectionViewCell.swift */,
				215847DC26B1490600CCBEC9 /* SimulasiCollectionViewCell.xib */,
			);
			path = "Simulasi Cell";
			sourceTree = "<group>";
		};
		219747EA26B0122300A81309 /* DaftarSimulasi */ = {
			isa = PBXGroup;
			children = (
				219747EB26B0123100A81309 /* View */,
			);
			path = DaftarSimulasi;
			sourceTree = "<group>";
		};
		219747EB26B0123100A81309 /* View */ = {
			isa = PBXGroup;
			children = (
				219747EC26B0125B00A81309 /* DaftarSimulasiViewController.swift */,
				219747ED26B0125B00A81309 /* DaftarSimulasiViewController.xib */,
				215847DA26B148A700CCBEC9 /* Simulasi Cell */,
			);
			path = View;
			sourceTree = "<group>";
		};
		21B3B80626BAC9610021D94C /* FaceAndEyeTracking */ = {
			isa = PBXGroup;
			children = (
				21B3B80726BAC9C30021D94C /* FaceAndEyeTracking.swift */,
				52E24F3626BCCAB900CDBA8C /* ExtensionEyeTracking.swift */,
				217A56D126CA288D0074A83F /* EyeTracking.swift */,
				217A56D326CA2B870074A83F /* FaceEmotion.swift */,
			);
			path = FaceAndEyeTracking;
			sourceTree = "<group>";
		};
		21CB53B426A99351005EB944 /* Features */ = {
			isa = PBXGroup;
			children = (
				84B5E37126B394E000FC9C09 /* InterviewSimulation */,
				84B5E36926B25FF400FC9C09 /* CompleteSimulationView */,
				84B5E35C26B25F7000FC9C09 /* BriefView */,
				525204CA26B01A3F006D6E98 /* Custom View */,
				219747EA26B0122300A81309 /* DaftarSimulasi */,
				21F1A75326A9476000E6A1B5 /* LaunchScreen.storyboard */,
				525204C226B00DD9006D6E98 /* Detail */,
			);
			path = Features;
			sourceTree = "<group>";
		};
		21CB53B526A99360005EB944 /* Vendor */ = {
			isa = PBXGroup;
			children = (
				52B678CA26AA71B20080533A /* Local */,
			);
			path = Vendor;
			sourceTree = "<group>";
		};
		21CB53BC26A99458005EB944 /* Resources */ = {
			isa = PBXGroup;
			children = (
				52433A3126B7D31C0048C0D4 /* Videos */,
				21F1A75126A9476000E6A1B5 /* Assets.xcassets */,
			);
			path = Resources;
			sourceTree = "<group>";
		};
		21F1A73926A9475F00E6A1B5 = {
			isa = PBXGroup;
			children = (
				21F1A74426A9475F00E6A1B5 /* Esmeka-MC3 */,
				21F1A74326A9475F00E6A1B5 /* Products */,
			);
			sourceTree = "<group>";
		};
		21F1A74326A9475F00E6A1B5 /* Products */ = {
			isa = PBXGroup;
			children = (
				21F1A74226A9475F00E6A1B5 /* Esmeka-MC3.app */,
			);
			name = Products;
			sourceTree = "<group>";
		};
		21F1A74426A9475F00E6A1B5 /* Esmeka-MC3 */ = {
			isa = PBXGroup;
			children = (
				21CB53B526A99360005EB944 /* Vendor */,
				21CB53B426A99351005EB944 /* Features */,
				21CB53BC26A99458005EB944 /* Resources */,
				21F1A74526A9475F00E6A1B5 /* AppDelegate.swift */,
				21F1A74726A9475F00E6A1B5 /* SceneDelegate.swift */,
				21F1A75626A9476000E6A1B5 /* Info.plist */,
			);
			path = "Esmeka-MC3";
			sourceTree = "<group>";
		};
		52433A3126B7D31C0048C0D4 /* Videos */ = {
			isa = PBXGroup;
			children = (
				52433A3226B7D37A0048C0D4 /* s1c1.mp4 */,
			);
			path = Videos;
			sourceTree = "<group>";
		};
		525204C226B00DD9006D6E98 /* Detail */ = {
			isa = PBXGroup;
			children = (
				525204C326B00DE1006D6E98 /* View */,
			);
			path = Detail;
			sourceTree = "<group>";
		};
		525204C326B00DE1006D6E98 /* View */ = {
			isa = PBXGroup;
			children = (
				525204C926B00E14006D6E98 /* Custom View */,
				525204C526B00E0E006D6E98 /* DetailPageViewController.swift */,
				525204C626B00E0E006D6E98 /* DetailPageViewController.xib */,
				524AECAA26C95FFE00FEF3C7 /* VideoViewController.swift */,
			);
			path = View;
			sourceTree = "<group>";
		};
		525204C926B00E14006D6E98 /* Custom View */ = {
			isa = PBXGroup;
			children = (
				525204D626B02A21006D6E98 /* ScoreTableViewCell.swift */,
				525204D726B02A21006D6E98 /* ScoreTableViewCell.xib */,
				525204DC26B02A4E006D6E98 /* VideoTableViewCell.swift */,
				525204DD26B02A4E006D6E98 /* VideoTableViewCell.xib */,
			);
			path = "Custom View";
			sourceTree = "<group>";
		};
		525204CA26B01A3F006D6E98 /* Custom View */ = {
			isa = PBXGroup;
			children = (
				525204CD26B01A64006D6E98 /* Button */,
			);
			path = "Custom View";
			sourceTree = "<group>";
		};
		525204CD26B01A64006D6E98 /* Button */ = {
			isa = PBXGroup;
			children = (
				84B5E35E26B25F9500FC9C09 /* ToggleButton.swift */,
				525204CB26B01A4C006D6E98 /* CustomButton.xib */,
				525204CE26B01A75006D6E98 /* CustomButton.swift */,
			);
			path = Button;
			sourceTree = "<group>";
		};
		52B678CA26AA71B20080533A /* Local */ = {
			isa = PBXGroup;
			children = (
				84B35FE826CD4FBB005F5C7E /* Struct */,
				84B5E37C26B395BE00FC9C09 /* Color */,
				52B678DB26AA7BBC0080533A /* Model */,
				52B678D826AA79910080533A /* Database */,
				52B678CB26AA71E70080533A /* Entity */,
			);
			path = Local;
			sourceTree = "<group>";
		};
		52B678CB26AA71E70080533A /* Entity */ = {
			isa = PBXGroup;
			children = (
				52D5537826CB838D00990907 /* ScoreTypeEntity+CoreDataClass.swift */,
				52D5537926CB838D00990907 /* ScoreTypeEntity+CoreDataProperties.swift */,
				52D5537A26CB838D00990907 /* AssessmentEntity+CoreDataClass.swift */,
				52D5537B26CB838D00990907 /* AssessmentEntity+CoreDataProperties.swift */,
				52D5537C26CB838D00990907 /* InterviewEntity+CoreDataClass.swift */,
				52D5537D26CB838D00990907 /* InterviewEntity+CoreDataProperties.swift */,
			);
			path = Entity;
			sourceTree = "<group>";
		};
		52B678D826AA79910080533A /* Database */ = {
			isa = PBXGroup;
			children = (
				21F1A74E26A9475F00E6A1B5 /* Esmeka_MC3.xcdatamodeld */,
				52B678D926AA799D0080533A /* CoredataProvider.swift */,
			);
			path = Database;
			sourceTree = "<group>";
		};
		52B678DB26AA7BBC0080533A /* Model */ = {
			isa = PBXGroup;
			children = (
				D85D1AFB26B861FB00B8E806 /* MLModel */,
				52B678DC26AA7BCA0080533A /* InterviewModel.swift */,
				52B678DE26AA7EB10080533A /* AssessmentModel.swift */,
				52B678E026AA7F3A0080533A /* ScoreTypeModel.swift */,
				84B5E36E26B260BD00FC9C09 /* BriefInstructionModel.swift */,
				D85D1AF826B8612200B8E806 /* scoreType.swift */,
				D867CC5726BC0668007B3EE3 /* InterviewQuestionsSource.swift */,
				D86661A126C5821A00295FED /* Coordinate.swift */,
				524AECA626C95E7C00FEF3C7 /* Score.swift */,
				524AECA826C95EA700FEF3C7 /* Video.swift */,
			);
			path = Model;
			sourceTree = "<group>";
		};
		84B35FDF26CCC54F005F5C7E /* TimerRecording */ = {
			isa = PBXGroup;
			children = (
				84B35FE626CD09B6005F5C7E /* TimerRecordingView.swift */,
			);
			path = TimerRecording;
			sourceTree = "<group>";
		};
		84B35FE826CD4FBB005F5C7E /* Struct */ = {
			isa = PBXGroup;
			children = (
				84B35FE926CD4FD0005F5C7E /* TimerToMinute.swift */,
			);
			path = Struct;
			sourceTree = "<group>";
		};
		84B5E35C26B25F7000FC9C09 /* BriefView */ = {
			isa = PBXGroup;
			children = (
				84B5E37026B2612A00FC9C09 /* View */,
				84B5E36426B25FA200FC9C09 /* BriefCell */,
			);
			path = BriefView;
			sourceTree = "<group>";
		};
		84B5E36426B25FA200FC9C09 /* BriefCell */ = {
			isa = PBXGroup;
			children = (
				84B5E36526B25FAE00FC9C09 /* BriefCell.swift */,
				84B5E36626B25FAE00FC9C09 /* BriefCell.xib */,
			);
			path = BriefCell;
			sourceTree = "<group>";
		};
		84B5E36926B25FF400FC9C09 /* CompleteSimulationView */ = {
			isa = PBXGroup;
			children = (
				84B5E36A26B2600600FC9C09 /* CompleteViewController.swift */,
				84B5E36B26B2600600FC9C09 /* CompleteViewController.xib */,
			);
			path = CompleteSimulationView;
			sourceTree = "<group>";
		};
		84B5E37026B2612A00FC9C09 /* View */ = {
			isa = PBXGroup;
			children = (
				84B5E35D26B25F9500FC9C09 /* BriefViewController.swift */,
				84B5E35F26B25F9500FC9C09 /* BriefViewController.xib */,
			);
			path = View;
			sourceTree = "<group>";
		};
		84B5E37126B394E000FC9C09 /* InterviewSimulation */ = {
			isa = PBXGroup;
			children = (
				84B35FDF26CCC54F005F5C7E /* TimerRecording */,
				D86661A026C581DC00295FED /* Features */,
				D867CC5B26BC4F47007B3EE3 /* TimerView */,
				21B3B80626BAC9610021D94C /* FaceAndEyeTracking */,
				84C4BB3726BACBAB007FE5ED /* VoiceMechanism */,
				84B5E37326B3951800FC9C09 /* PromptQuestionView */,
				84B5E37226B394F300FC9C09 /* MainPage */,
			);
			path = InterviewSimulation;
			sourceTree = "<group>";
		};
		84B5E37226B394F300FC9C09 /* MainPage */ = {
			isa = PBXGroup;
			children = (
				84B5E37426B3952D00FC9C09 /* InterviewSimulationViewController.swift */,
				84B5E37526B3952D00FC9C09 /* InterviewSimulationViewController.xib */,
			);
			path = MainPage;
			sourceTree = "<group>";
		};
		84B5E37326B3951800FC9C09 /* PromptQuestionView */ = {
			isa = PBXGroup;
			children = (
				84B5E37826B3953700FC9C09 /* PromptQuestionView.swift */,
				84B5E37926B3953700FC9C09 /* PromptQuestionView.xib */,
			);
			path = PromptQuestionView;
			sourceTree = "<group>";
		};
		84B5E37C26B395BE00FC9C09 /* Color */ = {
			isa = PBXGroup;
			children = (
				84B5E37D26B395E400FC9C09 /* ColorLibrary.swift */,
			);
			path = Color;
			sourceTree = "<group>";
		};
		84C4BB3726BACBAB007FE5ED /* VoiceMechanism */ = {
			isa = PBXGroup;
			children = (
				84C4BB4026BAD215007FE5ED /* ResultObserver.swift */,
				D86661A326C5906B00295FED /* VoiceClassifierEngine.swift */,
			);
			path = VoiceMechanism;
			sourceTree = "<group>";
		};
		D85D1AFB26B861FB00B8E806 /* MLModel */ = {
			isa = PBXGroup;
			children = (
				D8A6CCAE26CED06600700823 /* FaceEmotionSentimentClassifier.mlmodel */,
				84C4BB3926BAD011007FE5ED /* SoundEmotionClassifier.mlmodel */,
				84C4BB3826BAD011007FE5ED /* InterjectionClassifier.mlmodel */,
			);
			path = MLModel;
			sourceTree = "<group>";
		};
		D86661A026C581DC00295FED /* Features */ = {
			isa = PBXGroup;
			children = (
				D85D1B2E26BB0ED600B8E806 /* RecordingFeature.swift */,
				D867CC6226BDCB9D007B3EE3 /* VideoFetchClass.swift */,
			);
			path = Features;
			sourceTree = "<group>";
		};
		D867CC5B26BC4F47007B3EE3 /* TimerView */ = {
			isa = PBXGroup;
			children = (
				D867CC5C26BC4F6C007B3EE3 /* TimerView.swift */,
				D867CC5E26BC4F7A007B3EE3 /* TimerView.xib */,
			);
			path = TimerView;
			sourceTree = "<group>";
		};
/* End PBXGroup section */

/* Begin PBXNativeTarget section */
		21F1A74126A9475F00E6A1B5 /* Esmeka-MC3 */ = {
			isa = PBXNativeTarget;
			buildConfigurationList = 21F1A75926A9476000E6A1B5 /* Build configuration list for PBXNativeTarget "Esmeka-MC3" */;
			buildPhases = (
				21F1A73E26A9475F00E6A1B5 /* Sources */,
				21F1A73F26A9475F00E6A1B5 /* Frameworks */,
				21F1A74026A9475F00E6A1B5 /* Resources */,
			);
			buildRules = (
			);
			dependencies = (
			);
			name = "Esmeka-MC3";
			productName = "Esmeka-MC3";
			productReference = 21F1A74226A9475F00E6A1B5 /* Esmeka-MC3.app */;
			productType = "com.apple.product-type.application";
		};
/* End PBXNativeTarget section */

/* Begin PBXProject section */
		21F1A73A26A9475F00E6A1B5 /* Project object */ = {
			isa = PBXProject;
			attributes = {
				LastSwiftUpdateCheck = 1250;
				LastUpgradeCheck = 1250;
				TargetAttributes = {
					21F1A74126A9475F00E6A1B5 = {
						CreatedOnToolsVersion = 12.5.1;
					};
				};
			};
			buildConfigurationList = 21F1A73D26A9475F00E6A1B5 /* Build configuration list for PBXProject "Esmeka-MC3" */;
			compatibilityVersion = "Xcode 9.3";
			developmentRegion = en;
			hasScannedForEncodings = 0;
			knownRegions = (
				en,
				Base,
			);
			mainGroup = 21F1A73926A9475F00E6A1B5;
			productRefGroup = 21F1A74326A9475F00E6A1B5 /* Products */;
			projectDirPath = "";
			projectRoot = "";
			targets = (
				21F1A74126A9475F00E6A1B5 /* Esmeka-MC3 */,
			);
		};
/* End PBXProject section */

/* Begin PBXResourcesBuildPhase section */
		21F1A74026A9475F00E6A1B5 /* Resources */ = {
			isa = PBXResourcesBuildPhase;
			buildActionMask = 2147483647;
			files = (
				52433A3326B7D37A0048C0D4 /* s1c1.mp4 in Resources */,
				84B5E36D26B2600600FC9C09 /* CompleteViewController.xib in Resources */,
				84B5E37726B3952D00FC9C09 /* InterviewSimulationViewController.xib in Resources */,
				525204DF26B02A4E006D6E98 /* VideoTableViewCell.xib in Resources */,
				525204D926B02A21006D6E98 /* ScoreTableViewCell.xib in Resources */,
				84B5E36826B25FAE00FC9C09 /* BriefCell.xib in Resources */,
				525204C826B00E0E006D6E98 /* DetailPageViewController.xib in Resources */,
				21F1A75526A9476000E6A1B5 /* LaunchScreen.storyboard in Resources */,
				21F1A75226A9476000E6A1B5 /* Assets.xcassets in Resources */,
				525204CC26B01A4C006D6E98 /* CustomButton.xib in Resources */,
				D867CC5F26BC4F7A007B3EE3 /* TimerView.xib in Resources */,
				219747EF26B0125B00A81309 /* DaftarSimulasiViewController.xib in Resources */,
				215847DE26B1490600CCBEC9 /* SimulasiCollectionViewCell.xib in Resources */,
				84B5E36226B25F9500FC9C09 /* BriefViewController.xib in Resources */,
				84B5E37B26B3953700FC9C09 /* PromptQuestionView.xib in Resources */,
			);
			runOnlyForDeploymentPostprocessing = 0;
		};
/* End PBXResourcesBuildPhase section */

/* Begin PBXSourcesBuildPhase section */
		21F1A73E26A9475F00E6A1B5 /* Sources */ = {
			isa = PBXSourcesBuildPhase;
			buildActionMask = 2147483647;
			files = (
				525204C726B00E0E006D6E98 /* DetailPageViewController.swift in Sources */,
				84B5E36F26B260BD00FC9C09 /* BriefInstructionModel.swift in Sources */,
				52D5538126CB838D00990907 /* AssessmentEntity+CoreDataProperties.swift in Sources */,
				D85D1AF926B8612200B8E806 /* scoreType.swift in Sources */,
				84B5E36026B25F9500FC9C09 /* BriefViewController.swift in Sources */,
				84B5E37A26B3953700FC9C09 /* PromptQuestionView.swift in Sources */,
				84B5E36126B25F9500FC9C09 /* ToggleButton.swift in Sources */,
				21F1A74626A9475F00E6A1B5 /* AppDelegate.swift in Sources */,
				215847DD26B1490600CCBEC9 /* SimulasiCollectionViewCell.swift in Sources */,
				524AECA726C95E7C00FEF3C7 /* Score.swift in Sources */,
				D867CC5D26BC4F6C007B3EE3 /* TimerView.swift in Sources */,
				D867CC5826BC0668007B3EE3 /* InterviewQuestionsSource.swift in Sources */,
				84C4BB4126BAD215007FE5ED /* ResultObserver.swift in Sources */,
				84C4BB3A26BAD011007FE5ED /* InterjectionClassifier.mlmodel in Sources */,
				84B5E37626B3952D00FC9C09 /* InterviewSimulationViewController.swift in Sources */,
				524AECA926C95EA700FEF3C7 /* Video.swift in Sources */,
				525204CF26B01A75006D6E98 /* CustomButton.swift in Sources */,
				217A56D226CA288D0074A83F /* EyeTracking.swift in Sources */,
				217A56D426CA2B870074A83F /* FaceEmotion.swift in Sources */,
				21B3B80826BAC9C30021D94C /* FaceAndEyeTracking.swift in Sources */,
				52D5538026CB838D00990907 /* AssessmentEntity+CoreDataClass.swift in Sources */,
				52B678DF26AA7EB10080533A /* AssessmentModel.swift in Sources */,
				525204D826B02A21006D6E98 /* ScoreTableViewCell.swift in Sources */,
				84B5E37E26B395E400FC9C09 /* ColorLibrary.swift in Sources */,
				52B678DD26AA7BCA0080533A /* InterviewModel.swift in Sources */,
				D86661A226C5821A00295FED /* Coordinate.swift in Sources */,
				52B678E126AA7F3A0080533A /* ScoreTypeModel.swift in Sources */,
				21F1A74826A9475F00E6A1B5 /* SceneDelegate.swift in Sources */,
				52D5538326CB838D00990907 /* InterviewEntity+CoreDataProperties.swift in Sources */,
				84B5E36C26B2600600FC9C09 /* CompleteViewController.swift in Sources */,
				52D5537F26CB838D00990907 /* ScoreTypeEntity+CoreDataProperties.swift in Sources */,
				52B678DA26AA799D0080533A /* CoredataProvider.swift in Sources */,
				D85D1B2F26BB0ED600B8E806 /* RecordingFeature.swift in Sources */,
				D8A6CCAF26CED06600700823 /* FaceEmotionSentimentClassifier.mlmodel in Sources */,
				84B5E36726B25FAE00FC9C09 /* BriefCell.swift in Sources */,
				219747EE26B0125B00A81309 /* DaftarSimulasiViewController.swift in Sources */,
				524AECAB26C95FFE00FEF3C7 /* VideoViewController.swift in Sources */,
				52D5538226CB838D00990907 /* InterviewEntity+CoreDataClass.swift in Sources */,
				52E24F3726BCCAB900CDBA8C /* ExtensionEyeTracking.swift in Sources */,
				D86661A426C5906B00295FED /* VoiceClassifierEngine.swift in Sources */,
				21F1A75026A9475F00E6A1B5 /* Esmeka_MC3.xcdatamodeld in Sources */,
				84C4BB3B26BAD011007FE5ED /* SoundEmotionClassifier.mlmodel in Sources */,
				52D5537E26CB838D00990907 /* ScoreTypeEntity+CoreDataClass.swift in Sources */,
				84B35FEA26CD4FD0005F5C7E /* TimerToMinute.swift in Sources */,
				525204DE26B02A4E006D6E98 /* VideoTableViewCell.swift in Sources */,
				D867CC6326BDCB9D007B3EE3 /* VideoFetchClass.swift in Sources */,
				84B35FE726CD09B6005F5C7E /* TimerRecordingView.swift in Sources */,
			);
			runOnlyForDeploymentPostprocessing = 0;
		};
/* End PBXSourcesBuildPhase section */

/* Begin PBXVariantGroup section */
		21F1A75326A9476000E6A1B5 /* LaunchScreen.storyboard */ = {
			isa = PBXVariantGroup;
			children = (
				21F1A75426A9476000E6A1B5 /* Base */,
			);
			name = LaunchScreen.storyboard;
			sourceTree = "<group>";
		};
/* End PBXVariantGroup section */

/* Begin XCBuildConfiguration section */
		21F1A75726A9476000E6A1B5 /* Debug */ = {
			isa = XCBuildConfiguration;
			buildSettings = {
				ALWAYS_SEARCH_USER_PATHS = NO;
				CLANG_ANALYZER_NONNULL = YES;
				CLANG_ANALYZER_NUMBER_OBJECT_CONVERSION = YES_AGGRESSIVE;
				CLANG_CXX_LANGUAGE_STANDARD = "gnu++14";
				CLANG_CXX_LIBRARY = "libc++";
				CLANG_ENABLE_MODULES = YES;
				CLANG_ENABLE_OBJC_ARC = YES;
				CLANG_ENABLE_OBJC_WEAK = YES;
				CLANG_WARN_BLOCK_CAPTURE_AUTORELEASING = YES;
				CLANG_WARN_BOOL_CONVERSION = YES;
				CLANG_WARN_COMMA = YES;
				CLANG_WARN_CONSTANT_CONVERSION = YES;
				CLANG_WARN_DEPRECATED_OBJC_IMPLEMENTATIONS = YES;
				CLANG_WARN_DIRECT_OBJC_ISA_USAGE = YES_ERROR;
				CLANG_WARN_DOCUMENTATION_COMMENTS = YES;
				CLANG_WARN_EMPTY_BODY = YES;
				CLANG_WARN_ENUM_CONVERSION = YES;
				CLANG_WARN_INFINITE_RECURSION = YES;
				CLANG_WARN_INT_CONVERSION = YES;
				CLANG_WARN_NON_LITERAL_NULL_CONVERSION = YES;
				CLANG_WARN_OBJC_IMPLICIT_RETAIN_SELF = YES;
				CLANG_WARN_OBJC_LITERAL_CONVERSION = YES;
				CLANG_WARN_OBJC_ROOT_CLASS = YES_ERROR;
				CLANG_WARN_QUOTED_INCLUDE_IN_FRAMEWORK_HEADER = YES;
				CLANG_WARN_RANGE_LOOP_ANALYSIS = YES;
				CLANG_WARN_STRICT_PROTOTYPES = YES;
				CLANG_WARN_SUSPICIOUS_MOVE = YES;
				CLANG_WARN_UNGUARDED_AVAILABILITY = YES_AGGRESSIVE;
				CLANG_WARN_UNREACHABLE_CODE = YES;
				CLANG_WARN__DUPLICATE_METHOD_MATCH = YES;
				COPY_PHASE_STRIP = NO;
				DEBUG_INFORMATION_FORMAT = dwarf;
				ENABLE_STRICT_OBJC_MSGSEND = YES;
				ENABLE_TESTABILITY = YES;
				GCC_C_LANGUAGE_STANDARD = gnu11;
				GCC_DYNAMIC_NO_PIC = NO;
				GCC_NO_COMMON_BLOCKS = YES;
				GCC_OPTIMIZATION_LEVEL = 0;
				GCC_PREPROCESSOR_DEFINITIONS = (
					"DEBUG=1",
					"$(inherited)",
				);
				GCC_WARN_64_TO_32_BIT_CONVERSION = YES;
				GCC_WARN_ABOUT_RETURN_TYPE = YES_ERROR;
				GCC_WARN_UNDECLARED_SELECTOR = YES;
				GCC_WARN_UNINITIALIZED_AUTOS = YES_AGGRESSIVE;
				GCC_WARN_UNUSED_FUNCTION = YES;
				GCC_WARN_UNUSED_VARIABLE = YES;
				IPHONEOS_DEPLOYMENT_TARGET = 14.5;
				MTL_ENABLE_DEBUG_INFO = INCLUDE_SOURCE;
				MTL_FAST_MATH = YES;
				ONLY_ACTIVE_ARCH = YES;
				SDKROOT = iphoneos;
				SWIFT_ACTIVE_COMPILATION_CONDITIONS = DEBUG;
				SWIFT_OPTIMIZATION_LEVEL = "-Onone";
			};
			name = Debug;
		};
		21F1A75826A9476000E6A1B5 /* Release */ = {
			isa = XCBuildConfiguration;
			buildSettings = {
				ALWAYS_SEARCH_USER_PATHS = NO;
				CLANG_ANALYZER_NONNULL = YES;
				CLANG_ANALYZER_NUMBER_OBJECT_CONVERSION = YES_AGGRESSIVE;
				CLANG_CXX_LANGUAGE_STANDARD = "gnu++14";
				CLANG_CXX_LIBRARY = "libc++";
				CLANG_ENABLE_MODULES = YES;
				CLANG_ENABLE_OBJC_ARC = YES;
				CLANG_ENABLE_OBJC_WEAK = YES;
				CLANG_WARN_BLOCK_CAPTURE_AUTORELEASING = YES;
				CLANG_WARN_BOOL_CONVERSION = YES;
				CLANG_WARN_COMMA = YES;
				CLANG_WARN_CONSTANT_CONVERSION = YES;
				CLANG_WARN_DEPRECATED_OBJC_IMPLEMENTATIONS = YES;
				CLANG_WARN_DIRECT_OBJC_ISA_USAGE = YES_ERROR;
				CLANG_WARN_DOCUMENTATION_COMMENTS = YES;
				CLANG_WARN_EMPTY_BODY = YES;
				CLANG_WARN_ENUM_CONVERSION = YES;
				CLANG_WARN_INFINITE_RECURSION = YES;
				CLANG_WARN_INT_CONVERSION = YES;
				CLANG_WARN_NON_LITERAL_NULL_CONVERSION = YES;
				CLANG_WARN_OBJC_IMPLICIT_RETAIN_SELF = YES;
				CLANG_WARN_OBJC_LITERAL_CONVERSION = YES;
				CLANG_WARN_OBJC_ROOT_CLASS = YES_ERROR;
				CLANG_WARN_QUOTED_INCLUDE_IN_FRAMEWORK_HEADER = YES;
				CLANG_WARN_RANGE_LOOP_ANALYSIS = YES;
				CLANG_WARN_STRICT_PROTOTYPES = YES;
				CLANG_WARN_SUSPICIOUS_MOVE = YES;
				CLANG_WARN_UNGUARDED_AVAILABILITY = YES_AGGRESSIVE;
				CLANG_WARN_UNREACHABLE_CODE = YES;
				CLANG_WARN__DUPLICATE_METHOD_MATCH = YES;
				COPY_PHASE_STRIP = NO;
				DEBUG_INFORMATION_FORMAT = "dwarf-with-dsym";
				ENABLE_NS_ASSERTIONS = NO;
				ENABLE_STRICT_OBJC_MSGSEND = YES;
				GCC_C_LANGUAGE_STANDARD = gnu11;
				GCC_NO_COMMON_BLOCKS = YES;
				GCC_WARN_64_TO_32_BIT_CONVERSION = YES;
				GCC_WARN_ABOUT_RETURN_TYPE = YES_ERROR;
				GCC_WARN_UNDECLARED_SELECTOR = YES;
				GCC_WARN_UNINITIALIZED_AUTOS = YES_AGGRESSIVE;
				GCC_WARN_UNUSED_FUNCTION = YES;
				GCC_WARN_UNUSED_VARIABLE = YES;
				IPHONEOS_DEPLOYMENT_TARGET = 14.5;
				MTL_ENABLE_DEBUG_INFO = NO;
				MTL_FAST_MATH = YES;
				SDKROOT = iphoneos;
				SWIFT_COMPILATION_MODE = wholemodule;
				SWIFT_OPTIMIZATION_LEVEL = "-O";
				VALIDATE_PRODUCT = YES;
			};
			name = Release;
		};
		21F1A75A26A9476000E6A1B5 /* Debug */ = {
			isa = XCBuildConfiguration;
			buildSettings = {
				ASSETCATALOG_COMPILER_APPICON_NAME = AppIcon;
				ASSETCATALOG_COMPILER_GLOBAL_ACCENT_COLOR_NAME = AccentColor;
				CODE_SIGN_STYLE = Automatic;
				CURRENT_PROJECT_VERSION = 2;
				DEVELOPMENT_TEAM = HLL562LRK4;
				INFOPLIST_FILE = "Esmeka-MC3/Info.plist";
				LD_RUNPATH_SEARCH_PATHS = (
					"$(inherited)",
					"@executable_path/Frameworks",
				);
				MARKETING_VERSION = 1.1;
				PRODUCT_BUNDLE_IDENTIFIER = "AppleDev.Esmeka-MC3";
				PRODUCT_NAME = "$(TARGET_NAME)";
				SWIFT_VERSION = 5.0;
				TARGETED_DEVICE_FAMILY = "1,2";
			};
			name = Debug;
		};
		21F1A75B26A9476000E6A1B5 /* Release */ = {
			isa = XCBuildConfiguration;
			buildSettings = {
				ASSETCATALOG_COMPILER_APPICON_NAME = AppIcon;
				ASSETCATALOG_COMPILER_GLOBAL_ACCENT_COLOR_NAME = AccentColor;
				CODE_SIGN_STYLE = Automatic;
				CURRENT_PROJECT_VERSION = 2;
				DEVELOPMENT_TEAM = HLL562LRK4;
				INFOPLIST_FILE = "Esmeka-MC3/Info.plist";
				LD_RUNPATH_SEARCH_PATHS = (
					"$(inherited)",
					"@executable_path/Frameworks",
				);
				MARKETING_VERSION = 1.1;
				PRODUCT_BUNDLE_IDENTIFIER = "AppleDev.Esmeka-MC3";
				PRODUCT_NAME = "$(TARGET_NAME)";
				SWIFT_VERSION = 5.0;
				TARGETED_DEVICE_FAMILY = "1,2";
			};
			name = Release;
		};
/* End XCBuildConfiguration section */

/* Begin XCConfigurationList section */
		21F1A73D26A9475F00E6A1B5 /* Build configuration list for PBXProject "Esmeka-MC3" */ = {
			isa = XCConfigurationList;
			buildConfigurations = (
				21F1A75726A9476000E6A1B5 /* Debug */,
				21F1A75826A9476000E6A1B5 /* Release */,
			);
			defaultConfigurationIsVisible = 0;
			defaultConfigurationName = Release;
		};
		21F1A75926A9476000E6A1B5 /* Build configuration list for PBXNativeTarget "Esmeka-MC3" */ = {
			isa = XCConfigurationList;
			buildConfigurations = (
				21F1A75A26A9476000E6A1B5 /* Debug */,
				21F1A75B26A9476000E6A1B5 /* Release */,
			);
			defaultConfigurationIsVisible = 0;
			defaultConfigurationName = Release;
		};
/* End XCConfigurationList section */

/* Begin XCVersionGroup section */
		21F1A74E26A9475F00E6A1B5 /* Esmeka_MC3.xcdatamodeld */ = {
			isa = XCVersionGroup;
			children = (
				21F1A74F26A9475F00E6A1B5 /* Esmeka_MC3.xcdatamodel */,
			);
			currentVersion = 21F1A74F26A9475F00E6A1B5 /* Esmeka_MC3.xcdatamodel */;
			path = Esmeka_MC3.xcdatamodeld;
			sourceTree = "<group>";
			versionGroupType = wrapper.xcdatamodel;
		};
/* End XCVersionGroup section */
	};
	rootObject = 21F1A73A26A9475F00E6A1B5 /* Project object */;
}
