// !$*UTF8*$!
{
	archiveVersion = 1;
	classes = {
	};
	objectVersion = 50;
	objects = {

/* Begin PBXBuildFile section */
		215847DD26B1490600CCBEC9 /* SimulasiCollectionViewCell.swift in Sources */ = {isa = PBXBuildFile; fileRef = 215847DB26B1490600CCBEC9 /* SimulasiCollectionViewCell.swift */; };
		215847DE26B1490600CCBEC9 /* SimulasiCollectionViewCell.xib in Resources */ = {isa = PBXBuildFile; fileRef = 215847DC26B1490600CCBEC9 /* SimulasiCollectionViewCell.xib */; };
		215847E026B1552900CCBEC9 /* Simulasi.swift in Sources */ = {isa = PBXBuildFile; fileRef = 215847DF26B1552900CCBEC9 /* Simulasi.swift */; };
		215847E226B1560600CCBEC9 /* SimulasiData.swift in Sources */ = {isa = PBXBuildFile; fileRef = 215847E126B1560600CCBEC9 /* SimulasiData.swift */; };
		219747EE26B0125B00A81309 /* DaftarSimulasiViewController.swift in Sources */ = {isa = PBXBuildFile; fileRef = 219747EC26B0125B00A81309 /* DaftarSimulasiViewController.swift */; };
		219747EF26B0125B00A81309 /* DaftarSimulasiViewController.xib in Resources */ = {isa = PBXBuildFile; fileRef = 219747ED26B0125B00A81309 /* DaftarSimulasiViewController.xib */; };
		219747F826B01EC600A81309 /* DaftarSimulasiKosongViewController.swift in Sources */ = {isa = PBXBuildFile; fileRef = 219747F626B01EC600A81309 /* DaftarSimulasiKosongViewController.swift */; };
		219747F926B01EC600A81309 /* DaftarSimulasiKosongViewController.xib in Resources */ = {isa = PBXBuildFile; fileRef = 219747F726B01EC600A81309 /* DaftarSimulasiKosongViewController.xib */; };
		21F1A74626A9475F00E6A1B5 /* AppDelegate.swift in Sources */ = {isa = PBXBuildFile; fileRef = 21F1A74526A9475F00E6A1B5 /* AppDelegate.swift */; };
		21F1A74826A9475F00E6A1B5 /* SceneDelegate.swift in Sources */ = {isa = PBXBuildFile; fileRef = 21F1A74726A9475F00E6A1B5 /* SceneDelegate.swift */; };
		21F1A75026A9475F00E6A1B5 /* Esmeka_MC3.xcdatamodeld in Sources */ = {isa = PBXBuildFile; fileRef = 21F1A74E26A9475F00E6A1B5 /* Esmeka_MC3.xcdatamodeld */; };
		21F1A75226A9476000E6A1B5 /* Assets.xcassets in Resources */ = {isa = PBXBuildFile; fileRef = 21F1A75126A9476000E6A1B5 /* Assets.xcassets */; };
		21F1A75526A9476000E6A1B5 /* LaunchScreen.storyboard in Resources */ = {isa = PBXBuildFile; fileRef = 21F1A75326A9476000E6A1B5 /* LaunchScreen.storyboard */; };
		525204C726B00E0E006D6E98 /* DetailPageViewController.swift in Sources */ = {isa = PBXBuildFile; fileRef = 525204C526B00E0E006D6E98 /* DetailPageViewController.swift */; };
		525204C826B00E0E006D6E98 /* DetailPageViewController.xib in Resources */ = {isa = PBXBuildFile; fileRef = 525204C626B00E0E006D6E98 /* DetailPageViewController.xib */; };
		525204CC26B01A4C006D6E98 /* CustomButton.xib in Resources */ = {isa = PBXBuildFile; fileRef = 525204CB26B01A4C006D6E98 /* CustomButton.xib */; };
		525204CF26B01A75006D6E98 /* CustomButton.swift in Sources */ = {isa = PBXBuildFile; fileRef = 525204CE26B01A75006D6E98 /* CustomButton.swift */; };
		525204D826B02A21006D6E98 /* ScoreTableViewCell.swift in Sources */ = {isa = PBXBuildFile; fileRef = 525204D626B02A21006D6E98 /* ScoreTableViewCell.swift */; };
		525204D926B02A21006D6E98 /* ScoreTableViewCell.xib in Resources */ = {isa = PBXBuildFile; fileRef = 525204D726B02A21006D6E98 /* ScoreTableViewCell.xib */; };
		525204DE26B02A4E006D6E98 /* VideoTableViewCell.swift in Sources */ = {isa = PBXBuildFile; fileRef = 525204DC26B02A4E006D6E98 /* VideoTableViewCell.swift */; };
		525204DF26B02A4E006D6E98 /* VideoTableViewCell.xib in Resources */ = {isa = PBXBuildFile; fileRef = 525204DD26B02A4E006D6E98 /* VideoTableViewCell.xib */; };
		52B678D226AA79450080533A /* InterviewEntity+CoreDataClass.swift in Sources */ = {isa = PBXBuildFile; fileRef = 52B678CC26AA79450080533A /* InterviewEntity+CoreDataClass.swift */; };
		52B678D326AA79450080533A /* InterviewEntity+CoreDataProperties.swift in Sources */ = {isa = PBXBuildFile; fileRef = 52B678CD26AA79450080533A /* InterviewEntity+CoreDataProperties.swift */; };
		52B678D426AA79450080533A /* AssessmentEntity+CoreDataClass.swift in Sources */ = {isa = PBXBuildFile; fileRef = 52B678CE26AA79450080533A /* AssessmentEntity+CoreDataClass.swift */; };
		52B678D526AA79450080533A /* AssessmentEntity+CoreDataProperties.swift in Sources */ = {isa = PBXBuildFile; fileRef = 52B678CF26AA79450080533A /* AssessmentEntity+CoreDataProperties.swift */; };
		52B678D626AA79450080533A /* ScoreTypeEntity+CoreDataClass.swift in Sources */ = {isa = PBXBuildFile; fileRef = 52B678D026AA79450080533A /* ScoreTypeEntity+CoreDataClass.swift */; };
		52B678D726AA79450080533A /* ScoreTypeEntity+CoreDataProperties.swift in Sources */ = {isa = PBXBuildFile; fileRef = 52B678D126AA79450080533A /* ScoreTypeEntity+CoreDataProperties.swift */; };
		52B678DA26AA799D0080533A /* CoredataProvider.swift in Sources */ = {isa = PBXBuildFile; fileRef = 52B678D926AA799D0080533A /* CoredataProvider.swift */; };
		52B678DD26AA7BCA0080533A /* InterviewModel.swift in Sources */ = {isa = PBXBuildFile; fileRef = 52B678DC26AA7BCA0080533A /* InterviewModel.swift */; };
		52B678DF26AA7EB10080533A /* AssessmentModel.swift in Sources */ = {isa = PBXBuildFile; fileRef = 52B678DE26AA7EB10080533A /* AssessmentModel.swift */; };
		52B678E126AA7F3A0080533A /* ScoreTypeModel.swift in Sources */ = {isa = PBXBuildFile; fileRef = 52B678E026AA7F3A0080533A /* ScoreTypeModel.swift */; };
		52B678E426AA8D270080533A /* HomeViewController.swift in Sources */ = {isa = PBXBuildFile; fileRef = 52B678E226AA8D270080533A /* HomeViewController.swift */; };
		52B678E526AA8D270080533A /* HomeViewController.xib in Resources */ = {isa = PBXBuildFile; fileRef = 52B678E326AA8D270080533A /* HomeViewController.xib */; };
		84B5E33026AFE12200FC9C09 /* CompleteViewController.swift in Sources */ = {isa = PBXBuildFile; fileRef = 84B5E32E26AFE12200FC9C09 /* CompleteViewController.swift */; };
		84B5E33126AFE12200FC9C09 /* CompleteViewController.xib in Resources */ = {isa = PBXBuildFile; fileRef = 84B5E32F26AFE12200FC9C09 /* CompleteViewController.xib */; };
		84B5E33526B0100400FC9C09 /* BriefViewController.swift in Sources */ = {isa = PBXBuildFile; fileRef = 84B5E33326B0100400FC9C09 /* BriefViewController.swift */; };
		84B5E33626B0100400FC9C09 /* BriefViewController.xib in Resources */ = {isa = PBXBuildFile; fileRef = 84B5E33426B0100400FC9C09 /* BriefViewController.xib */; };
		84B5E33926B0156400FC9C09 /* BriefModel.swift in Sources */ = {isa = PBXBuildFile; fileRef = 84B5E33826B0156400FC9C09 /* BriefModel.swift */; };
		84B5E33C26B0194600FC9C09 /* BriefCell.swift in Sources */ = {isa = PBXBuildFile; fileRef = 84B5E33A26B0194600FC9C09 /* BriefCell.swift */; };
		84B5E33D26B0194600FC9C09 /* BriefCell.xib in Resources */ = {isa = PBXBuildFile; fileRef = 84B5E33B26B0194600FC9C09 /* BriefCell.xib */; };
		84B5E33F26B1242400FC9C09 /* ToggleButton.swift in Sources */ = {isa = PBXBuildFile; fileRef = 84B5E33E26B1242400FC9C09 /* ToggleButton.swift */; };
/* End PBXBuildFile section */

/* Begin PBXFileReference section */
		215847DB26B1490600CCBEC9 /* SimulasiCollectionViewCell.swift */ = {isa = PBXFileReference; lastKnownFileType = sourcecode.swift; path = SimulasiCollectionViewCell.swift; sourceTree = "<group>"; };
		215847DC26B1490600CCBEC9 /* SimulasiCollectionViewCell.xib */ = {isa = PBXFileReference; lastKnownFileType = file.xib; path = SimulasiCollectionViewCell.xib; sourceTree = "<group>"; };
		215847DF26B1552900CCBEC9 /* Simulasi.swift */ = {isa = PBXFileReference; lastKnownFileType = sourcecode.swift; path = Simulasi.swift; sourceTree = "<group>"; };
		215847E126B1560600CCBEC9 /* SimulasiData.swift */ = {isa = PBXFileReference; lastKnownFileType = sourcecode.swift; path = SimulasiData.swift; sourceTree = "<group>"; };
		219747EC26B0125B00A81309 /* DaftarSimulasiViewController.swift */ = {isa = PBXFileReference; lastKnownFileType = sourcecode.swift; path = DaftarSimulasiViewController.swift; sourceTree = "<group>"; };
		219747ED26B0125B00A81309 /* DaftarSimulasiViewController.xib */ = {isa = PBXFileReference; lastKnownFileType = file.xib; path = DaftarSimulasiViewController.xib; sourceTree = "<group>"; };
		219747F626B01EC600A81309 /* DaftarSimulasiKosongViewController.swift */ = {isa = PBXFileReference; lastKnownFileType = sourcecode.swift; path = DaftarSimulasiKosongViewController.swift; sourceTree = "<group>"; };
		219747F726B01EC600A81309 /* DaftarSimulasiKosongViewController.xib */ = {isa = PBXFileReference; lastKnownFileType = file.xib; path = DaftarSimulasiKosongViewController.xib; sourceTree = "<group>"; };
		21F1A74226A9475F00E6A1B5 /* Esmeka-MC3.app */ = {isa = PBXFileReference; explicitFileType = wrapper.application; includeInIndex = 0; path = "Esmeka-MC3.app"; sourceTree = BUILT_PRODUCTS_DIR; };
		21F1A74526A9475F00E6A1B5 /* AppDelegate.swift */ = {isa = PBXFileReference; lastKnownFileType = sourcecode.swift; path = AppDelegate.swift; sourceTree = "<group>"; };
		21F1A74726A9475F00E6A1B5 /* SceneDelegate.swift */ = {isa = PBXFileReference; lastKnownFileType = sourcecode.swift; path = SceneDelegate.swift; sourceTree = "<group>"; };
		21F1A74F26A9475F00E6A1B5 /* Esmeka_MC3.xcdatamodel */ = {isa = PBXFileReference; lastKnownFileType = wrapper.xcdatamodel; path = Esmeka_MC3.xcdatamodel; sourceTree = "<group>"; };
		21F1A75126A9476000E6A1B5 /* Assets.xcassets */ = {isa = PBXFileReference; lastKnownFileType = folder.assetcatalog; path = Assets.xcassets; sourceTree = "<group>"; };
		21F1A75426A9476000E6A1B5 /* Base */ = {isa = PBXFileReference; lastKnownFileType = file.storyboard; name = Base; path = Base.lproj/LaunchScreen.storyboard; sourceTree = "<group>"; };
		21F1A75626A9476000E6A1B5 /* Info.plist */ = {isa = PBXFileReference; lastKnownFileType = text.plist.xml; path = Info.plist; sourceTree = "<group>"; };
		525204C526B00E0E006D6E98 /* DetailPageViewController.swift */ = {isa = PBXFileReference; lastKnownFileType = sourcecode.swift; path = DetailPageViewController.swift; sourceTree = "<group>"; };
		525204C626B00E0E006D6E98 /* DetailPageViewController.xib */ = {isa = PBXFileReference; lastKnownFileType = file.xib; path = DetailPageViewController.xib; sourceTree = "<group>"; };
		525204CB26B01A4C006D6E98 /* CustomButton.xib */ = {isa = PBXFileReference; lastKnownFileType = file.xib; path = CustomButton.xib; sourceTree = "<group>"; };
		525204CE26B01A75006D6E98 /* CustomButton.swift */ = {isa = PBXFileReference; lastKnownFileType = sourcecode.swift; path = CustomButton.swift; sourceTree = "<group>"; };
		525204D626B02A21006D6E98 /* ScoreTableViewCell.swift */ = {isa = PBXFileReference; lastKnownFileType = sourcecode.swift; path = ScoreTableViewCell.swift; sourceTree = "<group>"; };
		525204D726B02A21006D6E98 /* ScoreTableViewCell.xib */ = {isa = PBXFileReference; lastKnownFileType = file.xib; path = ScoreTableViewCell.xib; sourceTree = "<group>"; };
		525204DC26B02A4E006D6E98 /* VideoTableViewCell.swift */ = {isa = PBXFileReference; lastKnownFileType = sourcecode.swift; path = VideoTableViewCell.swift; sourceTree = "<group>"; };
		525204DD26B02A4E006D6E98 /* VideoTableViewCell.xib */ = {isa = PBXFileReference; lastKnownFileType = file.xib; path = VideoTableViewCell.xib; sourceTree = "<group>"; };
		52B678CC26AA79450080533A /* InterviewEntity+CoreDataClass.swift */ = {isa = PBXFileReference; lastKnownFileType = sourcecode.swift; path = "InterviewEntity+CoreDataClass.swift"; sourceTree = "<group>"; };
		52B678CD26AA79450080533A /* InterviewEntity+CoreDataProperties.swift */ = {isa = PBXFileReference; lastKnownFileType = sourcecode.swift; path = "InterviewEntity+CoreDataProperties.swift"; sourceTree = "<group>"; };
		52B678CE26AA79450080533A /* AssessmentEntity+CoreDataClass.swift */ = {isa = PBXFileReference; lastKnownFileType = sourcecode.swift; path = "AssessmentEntity+CoreDataClass.swift"; sourceTree = "<group>"; };
		52B678CF26AA79450080533A /* AssessmentEntity+CoreDataProperties.swift */ = {isa = PBXFileReference; lastKnownFileType = sourcecode.swift; path = "AssessmentEntity+CoreDataProperties.swift"; sourceTree = "<group>"; };
		52B678D026AA79450080533A /* ScoreTypeEntity+CoreDataClass.swift */ = {isa = PBXFileReference; lastKnownFileType = sourcecode.swift; path = "ScoreTypeEntity+CoreDataClass.swift"; sourceTree = "<group>"; };
		52B678D126AA79450080533A /* ScoreTypeEntity+CoreDataProperties.swift */ = {isa = PBXFileReference; lastKnownFileType = sourcecode.swift; path = "ScoreTypeEntity+CoreDataProperties.swift"; sourceTree = "<group>"; };
		52B678D926AA799D0080533A /* CoredataProvider.swift */ = {isa = PBXFileReference; lastKnownFileType = sourcecode.swift; path = CoredataProvider.swift; sourceTree = "<group>"; };
		52B678DC26AA7BCA0080533A /* InterviewModel.swift */ = {isa = PBXFileReference; lastKnownFileType = sourcecode.swift; path = InterviewModel.swift; sourceTree = "<group>"; };
		52B678DE26AA7EB10080533A /* AssessmentModel.swift */ = {isa = PBXFileReference; lastKnownFileType = sourcecode.swift; path = AssessmentModel.swift; sourceTree = "<group>"; };
		52B678E026AA7F3A0080533A /* ScoreTypeModel.swift */ = {isa = PBXFileReference; lastKnownFileType = sourcecode.swift; path = ScoreTypeModel.swift; sourceTree = "<group>"; };
		52B678E226AA8D270080533A /* HomeViewController.swift */ = {isa = PBXFileReference; lastKnownFileType = sourcecode.swift; path = HomeViewController.swift; sourceTree = "<group>"; };
		52B678E326AA8D270080533A /* HomeViewController.xib */ = {isa = PBXFileReference; lastKnownFileType = file.xib; path = HomeViewController.xib; sourceTree = "<group>"; };
		84B5E32E26AFE12200FC9C09 /* CompleteViewController.swift */ = {isa = PBXFileReference; lastKnownFileType = sourcecode.swift; path = CompleteViewController.swift; sourceTree = "<group>"; };
		84B5E32F26AFE12200FC9C09 /* CompleteViewController.xib */ = {isa = PBXFileReference; lastKnownFileType = file.xib; path = CompleteViewController.xib; sourceTree = "<group>"; };
		84B5E33326B0100400FC9C09 /* BriefViewController.swift */ = {isa = PBXFileReference; lastKnownFileType = sourcecode.swift; path = BriefViewController.swift; sourceTree = "<group>"; };
		84B5E33426B0100400FC9C09 /* BriefViewController.xib */ = {isa = PBXFileReference; lastKnownFileType = file.xib; path = BriefViewController.xib; sourceTree = "<group>"; };
		84B5E33826B0156400FC9C09 /* BriefModel.swift */ = {isa = PBXFileReference; lastKnownFileType = sourcecode.swift; path = BriefModel.swift; sourceTree = "<group>"; };
		84B5E33A26B0194600FC9C09 /* BriefCell.swift */ = {isa = PBXFileReference; lastKnownFileType = sourcecode.swift; path = BriefCell.swift; sourceTree = "<group>"; };
		84B5E33B26B0194600FC9C09 /* BriefCell.xib */ = {isa = PBXFileReference; lastKnownFileType = file.xib; path = BriefCell.xib; sourceTree = "<group>"; };
		84B5E33E26B1242400FC9C09 /* ToggleButton.swift */ = {isa = PBXFileReference; lastKnownFileType = sourcecode.swift; path = ToggleButton.swift; sourceTree = "<group>"; };
/* End PBXFileReference section */

/* Begin PBXFrameworksBuildPhase section */
		21F1A73F26A9475F00E6A1B5 /* Frameworks */ = {
			isa = PBXFrameworksBuildPhase;
			buildActionMask = 2147483647;
			files = (
			);
			runOnlyForDeploymentPostprocessing = 0;
		};
/* End PBXFrameworksBuildPhase section */

/* Begin PBXGroup section */
		215847DA26B148A700CCBEC9 /* Simulasi Cell */ = {
			isa = PBXGroup;
			children = (
				215847DB26B1490600CCBEC9 /* SimulasiCollectionViewCell.swift */,
				215847DC26B1490600CCBEC9 /* SimulasiCollectionViewCell.xib */,
			);
			path = "Simulasi Cell";
			sourceTree = "<group>";
		};
		219747EA26B0122300A81309 /* DaftarSimulasi */ = {
			isa = PBXGroup;
			children = (
				219747FB26B0466600A81309 /* ViewModel */,
				219747FA26B0465700A81309 /* Model */,
				219747EB26B0123100A81309 /* View */,
			);
			path = DaftarSimulasi;
			sourceTree = "<group>";
		};
		219747EB26B0123100A81309 /* View */ = {
			isa = PBXGroup;
			children = (
				215847DA26B148A700CCBEC9 /* Simulasi Cell */,
				219747FC26B0496A00A81309 /* WithData */,
				219747F526B01DFC00A81309 /* NoData */,
			);
			path = View;
			sourceTree = "<group>";
		};
		219747F526B01DFC00A81309 /* NoData */ = {
			isa = PBXGroup;
			children = (
				219747F626B01EC600A81309 /* DaftarSimulasiKosongViewController.swift */,
				219747F726B01EC600A81309 /* DaftarSimulasiKosongViewController.xib */,
			);
			path = NoData;
			sourceTree = "<group>";
		};
		219747FA26B0465700A81309 /* Model */ = {
			isa = PBXGroup;
			children = (
				215847DF26B1552900CCBEC9 /* Simulasi.swift */,
				215847E126B1560600CCBEC9 /* SimulasiData.swift */,
			);
			path = Model;
			sourceTree = "<group>";
		};
		219747FB26B0466600A81309 /* ViewModel */ = {
			isa = PBXGroup;
			children = (
			);
			path = ViewModel;
			sourceTree = "<group>";
		};
		219747FC26B0496A00A81309 /* WithData */ = {
			isa = PBXGroup;
			children = (
				219747EC26B0125B00A81309 /* DaftarSimulasiViewController.swift */,
				219747ED26B0125B00A81309 /* DaftarSimulasiViewController.xib */,
			);
			path = WithData;
			sourceTree = "<group>";
		};
		21CB53B426A99351005EB944 /* Features */ = {
			isa = PBXGroup;
			children = (

				525204CA26B01A3F006D6E98 /* Custom View */,

				219747EA26B0122300A81309 /* DaftarSimulasi */,

                21F1A75326A9476000E6A1B5 /* LaunchScreen.storyboard */,
				525204C226B00DD9006D6E98 /* Detail */,
                21CB53B626A99366005EB944 /* Home */,
            );
			path = Features;
			sourceTree = "<group>";
		};
		21CB53B526A99360005EB944 /* Vendor */ = {
			isa = PBXGroup;
			children = (
				52B678CA26AA71B20080533A /* Local */,
				21CB53BB26A99391005EB944 /* Util */,
				21CB53BA26A9938A005EB944 /* Network */,
			);
			path = Vendor;
			sourceTree = "<group>";
		};
		21CB53B626A99366005EB944 /* Home */ = {
			isa = PBXGroup;
			children = (
				21CB53B926A99378005EB944 /* ViewModel */,
				21CB53B826A99373005EB944 /* Model */,
				21CB53B726A9936D005EB944 /* View */,
			);
			path = Home;
			sourceTree = "<group>";
		};
		21CB53B726A9936D005EB944 /* View */ = {
			isa = PBXGroup;
			children = (
				52B678E226AA8D270080533A /* HomeViewController.swift */,
				52B678E326AA8D270080533A /* HomeViewController.xib */,
			);
			path = View;
			sourceTree = "<group>";
		};
		21CB53B826A99373005EB944 /* Model */ = {
			isa = PBXGroup;
			children = (
			);
			path = Model;
			sourceTree = "<group>";
		};
		21CB53B926A99378005EB944 /* ViewModel */ = {
			isa = PBXGroup;
			children = (
			);
			path = ViewModel;
			sourceTree = "<group>";
		};
		21CB53BA26A9938A005EB944 /* Network */ = {
			isa = PBXGroup;
			children = (
			);
			path = Network;
			sourceTree = "<group>";
		};
		21CB53BB26A99391005EB944 /* Util */ = {
			isa = PBXGroup;
			children = (
				21CB53BD26A99517005EB944 /* Extensions */,
			);
			path = Util;
			sourceTree = "<group>";
		};
		21CB53BC26A99458005EB944 /* Resources */ = {
			isa = PBXGroup;
			children = (
				21F1A75126A9476000E6A1B5 /* Assets.xcassets */,
			);
			path = Resources;
			sourceTree = "<group>";
		};
		21CB53BD26A99517005EB944 /* Extensions */ = {
			isa = PBXGroup;
			children = (
			);
			path = Extensions;
			sourceTree = "<group>";
		};
		21F1A73926A9475F00E6A1B5 = {
			isa = PBXGroup;
			children = (
				21F1A74426A9475F00E6A1B5 /* Esmeka-MC3 */,
				21F1A74326A9475F00E6A1B5 /* Products */,
			);
			sourceTree = "<group>";
		};
		21F1A74326A9475F00E6A1B5 /* Products */ = {
			isa = PBXGroup;
			children = (
				21F1A74226A9475F00E6A1B5 /* Esmeka-MC3.app */,
			);
			name = Products;
			sourceTree = "<group>";
		};
		21F1A74426A9475F00E6A1B5 /* Esmeka-MC3 */ = {
			isa = PBXGroup;
			children = (
				21CB53B526A99360005EB944 /* Vendor */,
				21CB53B426A99351005EB944 /* Features */,
				21CB53BC26A99458005EB944 /* Resources */,
				21F1A74526A9475F00E6A1B5 /* AppDelegate.swift */,
				21F1A74726A9475F00E6A1B5 /* SceneDelegate.swift */,
				21F1A75626A9476000E6A1B5 /* Info.plist */,
			);
			path = "Esmeka-MC3";
			sourceTree = "<group>";
		};
		525204C226B00DD9006D6E98 /* Detail */ = {
			isa = PBXGroup;
			children = (
				525204C426B00DF1006D6E98 /* View Model */,
				525204C326B00DE1006D6E98 /* View */,
			);
			path = Detail;
			sourceTree = "<group>";
		};
		525204C326B00DE1006D6E98 /* View */ = {
			isa = PBXGroup;
			children = (
				525204C926B00E14006D6E98 /* Custom View */,
				525204C526B00E0E006D6E98 /* DetailPageViewController.swift */,
				525204C626B00E0E006D6E98 /* DetailPageViewController.xib */,
			);
			path = View;
			sourceTree = "<group>";
		};
		525204C426B00DF1006D6E98 /* View Model */ = {
			isa = PBXGroup;
			children = (
			);
			path = "View Model";
			sourceTree = "<group>";
		};
		525204C926B00E14006D6E98 /* Custom View */ = {
			isa = PBXGroup;
			children = (
				525204D626B02A21006D6E98 /* ScoreTableViewCell.swift */,
				525204D726B02A21006D6E98 /* ScoreTableViewCell.xib */,
				525204DC26B02A4E006D6E98 /* VideoTableViewCell.swift */,
				525204DD26B02A4E006D6E98 /* VideoTableViewCell.xib */,
			);
			path = "Custom View";
			sourceTree = "<group>";
		};
		525204CA26B01A3F006D6E98 /* Custom View */ = {
			isa = PBXGroup;
			children = (
				525204CD26B01A64006D6E98 /* Button */,
			);
			path = "Custom View";
			sourceTree = "<group>";
		};
		525204CD26B01A64006D6E98 /* Button */ = {
			isa = PBXGroup;
			children = (
				525204CB26B01A4C006D6E98 /* CustomButton.xib */,
				525204CE26B01A75006D6E98 /* CustomButton.swift */,
			);
			path = Button;
			sourceTree = "<group>";
		};
		52B678CA26AA71B20080533A /* Local */ = {
			isa = PBXGroup;
			children = (
				52B678DB26AA7BBC0080533A /* Model */,
				52B678D826AA79910080533A /* Database */,
				52B678CB26AA71E70080533A /* Entity */,
			);
			path = Local;
			sourceTree = "<group>";
		};
		52B678CB26AA71E70080533A /* Entity */ = {
			isa = PBXGroup;
			children = (
				52B678CC26AA79450080533A /* InterviewEntity+CoreDataClass.swift */,
				52B678CD26AA79450080533A /* InterviewEntity+CoreDataProperties.swift */,
				52B678CE26AA79450080533A /* AssessmentEntity+CoreDataClass.swift */,
				52B678CF26AA79450080533A /* AssessmentEntity+CoreDataProperties.swift */,
				52B678D026AA79450080533A /* ScoreTypeEntity+CoreDataClass.swift */,
				52B678D126AA79450080533A /* ScoreTypeEntity+CoreDataProperties.swift */,
			);
			path = Entity;
			sourceTree = "<group>";
		};
		52B678D826AA79910080533A /* Database */ = {
			isa = PBXGroup;
			children = (
				21F1A74E26A9475F00E6A1B5 /* Esmeka_MC3.xcdatamodeld */,
				52B678D926AA799D0080533A /* CoredataProvider.swift */,
			);
			path = Database;
			sourceTree = "<group>";
		};
		52B678DB26AA7BBC0080533A /* Model */ = {
			isa = PBXGroup;
			children = (
				52B678DC26AA7BCA0080533A /* InterviewModel.swift */,
				52B678DE26AA7EB10080533A /* AssessmentModel.swift */,
				52B678E026AA7F3A0080533A /* ScoreTypeModel.swift */,
				84B5E33826B0156400FC9C09 /* BriefModel.swift */,
			);
			path = Model;
			sourceTree = "<group>";
		};
		84B5E32D26AFE0FB00FC9C09 /* CompleteSimulationScreen */ = {
			isa = PBXGroup;
			children = (
				84B5E32E26AFE12200FC9C09 /* CompleteViewController.swift */,
				84B5E32F26AFE12200FC9C09 /* CompleteViewController.xib */,
			);
			path = CompleteSimulationScreen;
			sourceTree = "<group>";
		};
		84B5E33226AFEC8100FC9C09 /* BriefScreen */ = {
			isa = PBXGroup;
			children = (
				84B5E33726B0152700FC9C09 /* BriefCell */,
				84B5E33326B0100400FC9C09 /* BriefViewController.swift */,
				84B5E33426B0100400FC9C09 /* BriefViewController.xib */,
				84B5E33E26B1242400FC9C09 /* ToggleButton.swift */,
			);
			path = BriefScreen;
			sourceTree = "<group>";
		};
		84B5E33726B0152700FC9C09 /* BriefCell */ = {
			isa = PBXGroup;
			children = (
				84B5E33A26B0194600FC9C09 /* BriefCell.swift */,
				84B5E33B26B0194600FC9C09 /* BriefCell.xib */,
			);
			path = BriefCell;
			sourceTree = "<group>";
		};
/* End PBXGroup section */

/* Begin PBXNativeTarget section */
		21F1A74126A9475F00E6A1B5 /* Esmeka-MC3 */ = {
			isa = PBXNativeTarget;
			buildConfigurationList = 21F1A75926A9476000E6A1B5 /* Build configuration list for PBXNativeTarget "Esmeka-MC3" */;
			buildPhases = (
				21F1A73E26A9475F00E6A1B5 /* Sources */,
				21F1A73F26A9475F00E6A1B5 /* Frameworks */,
				21F1A74026A9475F00E6A1B5 /* Resources */,
			);
			buildRules = (
			);
			dependencies = (
			);
			name = "Esmeka-MC3";
			productName = "Esmeka-MC3";
			productReference = 21F1A74226A9475F00E6A1B5 /* Esmeka-MC3.app */;
			productType = "com.apple.product-type.application";
		};
/* End PBXNativeTarget section */

/* Begin PBXProject section */
		21F1A73A26A9475F00E6A1B5 /* Project object */ = {
			isa = PBXProject;
			attributes = {
				LastSwiftUpdateCheck = 1250;
				LastUpgradeCheck = 1250;
				TargetAttributes = {
					21F1A74126A9475F00E6A1B5 = {
						CreatedOnToolsVersion = 12.5.1;
					};
				};
			};
			buildConfigurationList = 21F1A73D26A9475F00E6A1B5 /* Build configuration list for PBXProject "Esmeka-MC3" */;
			compatibilityVersion = "Xcode 9.3";
			developmentRegion = en;
			hasScannedForEncodings = 0;
			knownRegions = (
				en,
				Base,
			);
			mainGroup = 21F1A73926A9475F00E6A1B5;
			productRefGroup = 21F1A74326A9475F00E6A1B5 /* Products */;
			projectDirPath = "";
			projectRoot = "";
			targets = (
				21F1A74126A9475F00E6A1B5 /* Esmeka-MC3 */,
			);
		};
/* End PBXProject section */

/* Begin PBXResourcesBuildPhase section */
		21F1A74026A9475F00E6A1B5 /* Resources */ = {
			isa = PBXResourcesBuildPhase;
			buildActionMask = 2147483647;
			files = (
				525204DF26B02A4E006D6E98 /* VideoTableViewCell.xib in Resources */,
				525204D926B02A21006D6E98 /* ScoreTableViewCell.xib in Resources */,
				525204C826B00E0E006D6E98 /* DetailPageViewController.xib in Resources */,
				21F1A75526A9476000E6A1B5 /* LaunchScreen.storyboard in Resources */,
				21F1A75226A9476000E6A1B5 /* Assets.xcassets in Resources */,

				525204CC26B01A4C006D6E98 /* CustomButton.xib in Resources */,

				219747EF26B0125B00A81309 /* DaftarSimulasiViewController.xib in Resources */,
				215847DE26B1490600CCBEC9 /* SimulasiCollectionViewCell.xib in Resources */,
				52B678E526AA8D270080533A /* HomeViewController.xib in Resources */,
				219747F926B01EC600A81309 /* DaftarSimulasiKosongViewController.xib in Resources */,
			);
			runOnlyForDeploymentPostprocessing = 0;
		};
/* End PBXResourcesBuildPhase section */

/* Begin PBXSourcesBuildPhase section */
		21F1A73E26A9475F00E6A1B5 /* Sources */ = {
			isa = PBXSourcesBuildPhase;
			buildActionMask = 2147483647;
			files = (
				525204C726B00E0E006D6E98 /* DetailPageViewController.swift in Sources */,
				52B678D226AA79450080533A /* InterviewEntity+CoreDataClass.swift in Sources */,
				52B678D726AA79450080533A /* ScoreTypeEntity+CoreDataProperties.swift in Sources */,
				21F1A74626A9475F00E6A1B5 /* AppDelegate.swift in Sources */,
				215847DD26B1490600CCBEC9 /* SimulasiCollectionViewCell.swift in Sources */,
				525204CF26B01A75006D6E98 /* CustomButton.swift in Sources */,
				52B678DF26AA7EB10080533A /* AssessmentModel.swift in Sources */,
				525204D826B02A21006D6E98 /* ScoreTableViewCell.swift in Sources */,
				52B678DD26AA7BCA0080533A /* InterviewModel.swift in Sources */,
				52B678E426AA8D270080533A /* HomeViewController.swift in Sources */,
				52B678E126AA7F3A0080533A /* ScoreTypeModel.swift in Sources */,
				52B678D426AA79450080533A /* AssessmentEntity+CoreDataClass.swift in Sources */,
				84B5E33026AFE12200FC9C09 /* CompleteViewController.swift in Sources */,
				84B5E33C26B0194600FC9C09 /* BriefCell.swift in Sources */,
				52B678D326AA79450080533A /* InterviewEntity+CoreDataProperties.swift in Sources */,
				21F1A74826A9475F00E6A1B5 /* SceneDelegate.swift in Sources */,
				215847E226B1560600CCBEC9 /* SimulasiData.swift in Sources */,
				52B678D626AA79450080533A /* ScoreTypeEntity+CoreDataClass.swift in Sources */,
				219747F826B01EC600A81309 /* DaftarSimulasiKosongViewController.swift in Sources */,
				52B678DA26AA799D0080533A /* CoredataProvider.swift in Sources */,
				215847E026B1552900CCBEC9 /* Simulasi.swift in Sources */,
				219747EE26B0125B00A81309 /* DaftarSimulasiViewController.swift in Sources */,
				52B678D526AA79450080533A /* AssessmentEntity+CoreDataProperties.swift in Sources */,
				21F1A75026A9475F00E6A1B5 /* Esmeka_MC3.xcdatamodeld in Sources */,
				525204DE26B02A4E006D6E98 /* VideoTableViewCell.swift in Sources */,
			);
			runOnlyForDeploymentPostprocessing = 0;
		};
/* End PBXSourcesBuildPhase section */

/* Begin PBXVariantGroup section */
		21F1A75326A9476000E6A1B5 /* LaunchScreen.storyboard */ = {
			isa = PBXVariantGroup;
			children = (
				21F1A75426A9476000E6A1B5 /* Base */,
			);
			name = LaunchScreen.storyboard;
			sourceTree = "<group>";
		};
/* End PBXVariantGroup section */

/* Begin XCBuildConfiguration section */
		21F1A75726A9476000E6A1B5 /* Debug */ = {
			isa = XCBuildConfiguration;
			buildSettings = {
				ALWAYS_SEARCH_USER_PATHS = NO;
				CLANG_ANALYZER_NONNULL = YES;
				CLANG_ANALYZER_NUMBER_OBJECT_CONVERSION = YES_AGGRESSIVE;
				CLANG_CXX_LANGUAGE_STANDARD = "gnu++14";
				CLANG_CXX_LIBRARY = "libc++";
				CLANG_ENABLE_MODULES = YES;
				CLANG_ENABLE_OBJC_ARC = YES;
				CLANG_ENABLE_OBJC_WEAK = YES;
				CLANG_WARN_BLOCK_CAPTURE_AUTORELEASING = YES;
				CLANG_WARN_BOOL_CONVERSION = YES;
				CLANG_WARN_COMMA = YES;
				CLANG_WARN_CONSTANT_CONVERSION = YES;
				CLANG_WARN_DEPRECATED_OBJC_IMPLEMENTATIONS = YES;
				CLANG_WARN_DIRECT_OBJC_ISA_USAGE = YES_ERROR;
				CLANG_WARN_DOCUMENTATION_COMMENTS = YES;
				CLANG_WARN_EMPTY_BODY = YES;
				CLANG_WARN_ENUM_CONVERSION = YES;
				CLANG_WARN_INFINITE_RECURSION = YES;
				CLANG_WARN_INT_CONVERSION = YES;
				CLANG_WARN_NON_LITERAL_NULL_CONVERSION = YES;
				CLANG_WARN_OBJC_IMPLICIT_RETAIN_SELF = YES;
				CLANG_WARN_OBJC_LITERAL_CONVERSION = YES;
				CLANG_WARN_OBJC_ROOT_CLASS = YES_ERROR;
				CLANG_WARN_QUOTED_INCLUDE_IN_FRAMEWORK_HEADER = YES;
				CLANG_WARN_RANGE_LOOP_ANALYSIS = YES;
				CLANG_WARN_STRICT_PROTOTYPES = YES;
				CLANG_WARN_SUSPICIOUS_MOVE = YES;
				CLANG_WARN_UNGUARDED_AVAILABILITY = YES_AGGRESSIVE;
				CLANG_WARN_UNREACHABLE_CODE = YES;
				CLANG_WARN__DUPLICATE_METHOD_MATCH = YES;
				COPY_PHASE_STRIP = NO;
				DEBUG_INFORMATION_FORMAT = dwarf;
				ENABLE_STRICT_OBJC_MSGSEND = YES;
				ENABLE_TESTABILITY = YES;
				GCC_C_LANGUAGE_STANDARD = gnu11;
				GCC_DYNAMIC_NO_PIC = NO;
				GCC_NO_COMMON_BLOCKS = YES;
				GCC_OPTIMIZATION_LEVEL = 0;
				GCC_PREPROCESSOR_DEFINITIONS = (
					"DEBUG=1",
					"$(inherited)",
				);
				GCC_WARN_64_TO_32_BIT_CONVERSION = YES;
				GCC_WARN_ABOUT_RETURN_TYPE = YES_ERROR;
				GCC_WARN_UNDECLARED_SELECTOR = YES;
				GCC_WARN_UNINITIALIZED_AUTOS = YES_AGGRESSIVE;
				GCC_WARN_UNUSED_FUNCTION = YES;
				GCC_WARN_UNUSED_VARIABLE = YES;
				IPHONEOS_DEPLOYMENT_TARGET = 14.5;
				MTL_ENABLE_DEBUG_INFO = INCLUDE_SOURCE;
				MTL_FAST_MATH = YES;
				ONLY_ACTIVE_ARCH = YES;
				SDKROOT = iphoneos;
				SWIFT_ACTIVE_COMPILATION_CONDITIONS = DEBUG;
				SWIFT_OPTIMIZATION_LEVEL = "-Onone";
			};
			name = Debug;
		};
		21F1A75826A9476000E6A1B5 /* Release */ = {
			isa = XCBuildConfiguration;
			buildSettings = {
				ALWAYS_SEARCH_USER_PATHS = NO;
				CLANG_ANALYZER_NONNULL = YES;
				CLANG_ANALYZER_NUMBER_OBJECT_CONVERSION = YES_AGGRESSIVE;
				CLANG_CXX_LANGUAGE_STANDARD = "gnu++14";
				CLANG_CXX_LIBRARY = "libc++";
				CLANG_ENABLE_MODULES = YES;
				CLANG_ENABLE_OBJC_ARC = YES;
				CLANG_ENABLE_OBJC_WEAK = YES;
				CLANG_WARN_BLOCK_CAPTURE_AUTORELEASING = YES;
				CLANG_WARN_BOOL_CONVERSION = YES;
				CLANG_WARN_COMMA = YES;
				CLANG_WARN_CONSTANT_CONVERSION = YES;
				CLANG_WARN_DEPRECATED_OBJC_IMPLEMENTATIONS = YES;
				CLANG_WARN_DIRECT_OBJC_ISA_USAGE = YES_ERROR;
				CLANG_WARN_DOCUMENTATION_COMMENTS = YES;
				CLANG_WARN_EMPTY_BODY = YES;
				CLANG_WARN_ENUM_CONVERSION = YES;
				CLANG_WARN_INFINITE_RECURSION = YES;
				CLANG_WARN_INT_CONVERSION = YES;
				CLANG_WARN_NON_LITERAL_NULL_CONVERSION = YES;
				CLANG_WARN_OBJC_IMPLICIT_RETAIN_SELF = YES;
				CLANG_WARN_OBJC_LITERAL_CONVERSION = YES;
				CLANG_WARN_OBJC_ROOT_CLASS = YES_ERROR;
				CLANG_WARN_QUOTED_INCLUDE_IN_FRAMEWORK_HEADER = YES;
				CLANG_WARN_RANGE_LOOP_ANALYSIS = YES;
				CLANG_WARN_STRICT_PROTOTYPES = YES;
				CLANG_WARN_SUSPICIOUS_MOVE = YES;
				CLANG_WARN_UNGUARDED_AVAILABILITY = YES_AGGRESSIVE;
				CLANG_WARN_UNREACHABLE_CODE = YES;
				CLANG_WARN__DUPLICATE_METHOD_MATCH = YES;
				COPY_PHASE_STRIP = NO;
				DEBUG_INFORMATION_FORMAT = "dwarf-with-dsym";
				ENABLE_NS_ASSERTIONS = NO;
				ENABLE_STRICT_OBJC_MSGSEND = YES;
				GCC_C_LANGUAGE_STANDARD = gnu11;
				GCC_NO_COMMON_BLOCKS = YES;
				GCC_WARN_64_TO_32_BIT_CONVERSION = YES;
				GCC_WARN_ABOUT_RETURN_TYPE = YES_ERROR;
				GCC_WARN_UNDECLARED_SELECTOR = YES;
				GCC_WARN_UNINITIALIZED_AUTOS = YES_AGGRESSIVE;
				GCC_WARN_UNUSED_FUNCTION = YES;
				GCC_WARN_UNUSED_VARIABLE = YES;
				IPHONEOS_DEPLOYMENT_TARGET = 14.5;
				MTL_ENABLE_DEBUG_INFO = NO;
				MTL_FAST_MATH = YES;
				SDKROOT = iphoneos;
				SWIFT_COMPILATION_MODE = wholemodule;
				SWIFT_OPTIMIZATION_LEVEL = "-O";
				VALIDATE_PRODUCT = YES;
			};
			name = Release;
		};
		21F1A75A26A9476000E6A1B5 /* Debug */ = {
			isa = XCBuildConfiguration;
			buildSettings = {
				ASSETCATALOG_COMPILER_APPICON_NAME = AppIcon;
				ASSETCATALOG_COMPILER_GLOBAL_ACCENT_COLOR_NAME = AccentColor;
				CODE_SIGN_STYLE = Automatic;
				DEVELOPMENT_TEAM = A79CU8U5L7;
				INFOPLIST_FILE = "Esmeka-MC3/Info.plist";
				LD_RUNPATH_SEARCH_PATHS = (
					"$(inherited)",
					"@executable_path/Frameworks",
				);
				PRODUCT_BUNDLE_IDENTIFIER = "AppleDev.Esmeka-MC3";
				PRODUCT_NAME = "$(TARGET_NAME)";
				SWIFT_VERSION = 5.0;
				TARGETED_DEVICE_FAMILY = "1,2";
			};
			name = Debug;
		};
		21F1A75B26A9476000E6A1B5 /* Release */ = {
			isa = XCBuildConfiguration;
			buildSettings = {
				ASSETCATALOG_COMPILER_APPICON_NAME = AppIcon;
				ASSETCATALOG_COMPILER_GLOBAL_ACCENT_COLOR_NAME = AccentColor;
				CODE_SIGN_STYLE = Automatic;
				DEVELOPMENT_TEAM = A79CU8U5L7;
				INFOPLIST_FILE = "Esmeka-MC3/Info.plist";
				LD_RUNPATH_SEARCH_PATHS = (
					"$(inherited)",
					"@executable_path/Frameworks",
				);
				PRODUCT_BUNDLE_IDENTIFIER = "AppleDev.Esmeka-MC3";
				PRODUCT_NAME = "$(TARGET_NAME)";
				SWIFT_VERSION = 5.0;
				TARGETED_DEVICE_FAMILY = "1,2";
			};
			name = Release;
		};
/* End XCBuildConfiguration section */

/* Begin XCConfigurationList section */
		21F1A73D26A9475F00E6A1B5 /* Build configuration list for PBXProject "Esmeka-MC3" */ = {
			isa = XCConfigurationList;
			buildConfigurations = (
				21F1A75726A9476000E6A1B5 /* Debug */,
				21F1A75826A9476000E6A1B5 /* Release */,
			);
			defaultConfigurationIsVisible = 0;
			defaultConfigurationName = Release;
		};
		21F1A75926A9476000E6A1B5 /* Build configuration list for PBXNativeTarget "Esmeka-MC3" */ = {
			isa = XCConfigurationList;
			buildConfigurations = (
				21F1A75A26A9476000E6A1B5 /* Debug */,
				21F1A75B26A9476000E6A1B5 /* Release */,
			);
			defaultConfigurationIsVisible = 0;
			defaultConfigurationName = Release;
		};
/* End XCConfigurationList section */

/* Begin XCVersionGroup section */
		21F1A74E26A9475F00E6A1B5 /* Esmeka_MC3.xcdatamodeld */ = {
			isa = XCVersionGroup;
			children = (
				21F1A74F26A9475F00E6A1B5 /* Esmeka_MC3.xcdatamodel */,
			);
			currentVersion = 21F1A74F26A9475F00E6A1B5 /* Esmeka_MC3.xcdatamodel */;
			path = Esmeka_MC3.xcdatamodeld;
			sourceTree = "<group>";
			versionGroupType = wrapper.xcdatamodel;
		};
/* End XCVersionGroup section */
	};
	rootObject = 21F1A73A26A9475F00E6A1B5 /* Project object */;
}
