// !$*UTF8*$!
{
	archiveVersion = 1;
	classes = {
	};
	objectVersion = 50;
	objects = {

/* Begin PBXBuildFile section */
		21F1A74626A9475F00E6A1B5 /* AppDelegate.swift in Sources */ = {isa = PBXBuildFile; fileRef = 21F1A74526A9475F00E6A1B5 /* AppDelegate.swift */; };
		21F1A74826A9475F00E6A1B5 /* SceneDelegate.swift in Sources */ = {isa = PBXBuildFile; fileRef = 21F1A74726A9475F00E6A1B5 /* SceneDelegate.swift */; };
		21F1A75026A9475F00E6A1B5 /* Esmeka_MC3.xcdatamodeld in Sources */ = {isa = PBXBuildFile; fileRef = 21F1A74E26A9475F00E6A1B5 /* Esmeka_MC3.xcdatamodeld */; };
		21F1A75226A9476000E6A1B5 /* Assets.xcassets in Resources */ = {isa = PBXBuildFile; fileRef = 21F1A75126A9476000E6A1B5 /* Assets.xcassets */; };
		21F1A75526A9476000E6A1B5 /* LaunchScreen.storyboard in Resources */ = {isa = PBXBuildFile; fileRef = 21F1A75326A9476000E6A1B5 /* LaunchScreen.storyboard */; };
/* End PBXBuildFile section */

/* Begin PBXFileReference section */
		21F1A74226A9475F00E6A1B5 /* Esmeka-MC3.app */ = {isa = PBXFileReference; explicitFileType = wrapper.application; includeInIndex = 0; path = "Esmeka-MC3.app"; sourceTree = BUILT_PRODUCTS_DIR; };
		21F1A74526A9475F00E6A1B5 /* AppDelegate.swift */ = {isa = PBXFileReference; lastKnownFileType = sourcecode.swift; path = AppDelegate.swift; sourceTree = "<group>"; };
		21F1A74726A9475F00E6A1B5 /* SceneDelegate.swift */ = {isa = PBXFileReference; lastKnownFileType = sourcecode.swift; path = SceneDelegate.swift; sourceTree = "<group>"; };
		21F1A74F26A9475F00E6A1B5 /* Esmeka_MC3.xcdatamodel */ = {isa = PBXFileReference; lastKnownFileType = wrapper.xcdatamodel; path = Esmeka_MC3.xcdatamodel; sourceTree = "<group>"; };
		21F1A75126A9476000E6A1B5 /* Assets.xcassets */ = {isa = PBXFileReference; lastKnownFileType = folder.assetcatalog; path = Assets.xcassets; sourceTree = "<group>"; };
		21F1A75426A9476000E6A1B5 /* Base */ = {isa = PBXFileReference; lastKnownFileType = file.storyboard; name = Base; path = Base.lproj/LaunchScreen.storyboard; sourceTree = "<group>"; };
		21F1A75626A9476000E6A1B5 /* Info.plist */ = {isa = PBXFileReference; lastKnownFileType = text.plist.xml; path = Info.plist; sourceTree = "<group>"; };
/* End PBXFileReference section */

/* Begin PBXFrameworksBuildPhase section */
		21F1A73F26A9475F00E6A1B5 /* Frameworks */ = {
			isa = PBXFrameworksBuildPhase;
			buildActionMask = 2147483647;
			files = (
			);
			runOnlyForDeploymentPostprocessing = 0;
		};
/* End PBXFrameworksBuildPhase section */

/* Begin PBXGroup section */
		21CB53B426A99351005EB944 /* Features */ = {
			isa = PBXGroup;
			children = (
				21F1A75326A9476000E6A1B5 /* LaunchScreen.storyboard */,
				21CB53B626A99366005EB944 /* Home */,
			);
			path = Features;
			sourceTree = "<group>";
		};
		21CB53B526A99360005EB944 /* Vendor */ = {
			isa = PBXGroup;
			children = (
				21CB53BB26A99391005EB944 /* Util */,
				21CB53BA26A9938A005EB944 /* Network */,
			);
			path = Vendor;
			sourceTree = "<group>";
		};
		21CB53B626A99366005EB944 /* Home */ = {
			isa = PBXGroup;
			children = (
				21CB53B926A99378005EB944 /* ViewModel */,
				21CB53B826A99373005EB944 /* Model */,
				21CB53B726A9936D005EB944 /* View */,
			);
			path = Home;
			sourceTree = "<group>";
		};
		21CB53B726A9936D005EB944 /* View */ = {
			isa = PBXGroup;
			children = (
			);
			path = View;
			sourceTree = "<group>";
		};
		21CB53B826A99373005EB944 /* Model */ = {
			isa = PBXGroup;
			children = (
			);
			path = Model;
			sourceTree = "<group>";
		};
		21CB53B926A99378005EB944 /* ViewModel */ = {
			isa = PBXGroup;
			children = (
			);
			path = ViewModel;
			sourceTree = "<group>";
		};
		21CB53BA26A9938A005EB944 /* Network */ = {
			isa = PBXGroup;
			children = (
			);
			path = Network;
			sourceTree = "<group>";
		};
		21CB53BB26A99391005EB944 /* Util */ = {
			isa = PBXGroup;
			children = (
				21CB53BD26A99517005EB944 /* Extensions */,
			);
			path = Util;
			sourceTree = "<group>";
		};
		21CB53BC26A99458005EB944 /* Resources */ = {
			isa = PBXGroup;
			children = (
				21F1A75126A9476000E6A1B5 /* Assets.xcassets */,
			);
			path = Resources;
			sourceTree = "<group>";
		};
		21CB53BD26A99517005EB944 /* Extensions */ = {
			isa = PBXGroup;
			children = (
			);
			path = Extensions;
			sourceTree = "<group>";
		};
		21F1A73926A9475F00E6A1B5 = {
			isa = PBXGroup;
			children = (
				21F1A74426A9475F00E6A1B5 /* Esmeka-MC3 */,
				21F1A74326A9475F00E6A1B5 /* Products */,
			);
			sourceTree = "<group>";
		};
		21F1A74326A9475F00E6A1B5 /* Products */ = {
			isa = PBXGroup;
			children = (
				21F1A74226A9475F00E6A1B5 /* Esmeka-MC3.app */,
			);
			name = Products;
			sourceTree = "<group>";
		};
		21F1A74426A9475F00E6A1B5 /* Esmeka-MC3 */ = {
			isa = PBXGroup;
			children = (
				21CB53B526A99360005EB944 /* Vendor */,
				21CB53B426A99351005EB944 /* Features */,
				21CB53BC26A99458005EB944 /* Resources */,
				21F1A74526A9475F00E6A1B5 /* AppDelegate.swift */,
				21F1A74726A9475F00E6A1B5 /* SceneDelegate.swift */,
				21F1A75626A9476000E6A1B5 /* Info.plist */,
				21F1A74E26A9475F00E6A1B5 /* Esmeka_MC3.xcdatamodeld */,
			);
			path = "Esmeka-MC3";
			sourceTree = "<group>";
		};
/* End PBXGroup section */

/* Begin PBXNativeTarget section */
		21F1A74126A9475F00E6A1B5 /* Esmeka-MC3 */ = {
			isa = PBXNativeTarget;
			buildConfigurationList = 21F1A75926A9476000E6A1B5 /* Build configuration list for PBXNativeTarget "Esmeka-MC3" */;
			buildPhases = (
				21F1A73E26A9475F00E6A1B5 /* Sources */,
				21F1A73F26A9475F00E6A1B5 /* Frameworks */,
				21F1A74026A9475F00E6A1B5 /* Resources */,
			);
			buildRules = (
			);
			dependencies = (
			);
			name = "Esmeka-MC3";
			productName = "Esmeka-MC3";
			productReference = 21F1A74226A9475F00E6A1B5 /* Esmeka-MC3.app */;
			productType = "com.apple.product-type.application";
		};
/* End PBXNativeTarget section */

/* Begin PBXProject section */
		21F1A73A26A9475F00E6A1B5 /* Project object */ = {
			isa = PBXProject;
			attributes = {
				LastSwiftUpdateCheck = 1250;
				LastUpgradeCheck = 1250;
				TargetAttributes = {
					21F1A74126A9475F00E6A1B5 = {
						CreatedOnToolsVersion = 12.5.1;
					};
				};
			};
			buildConfigurationList = 21F1A73D26A9475F00E6A1B5 /* Build configuration list for PBXProject "Esmeka-MC3" */;
			compatibilityVersion = "Xcode 9.3";
			developmentRegion = en;
			hasScannedForEncodings = 0;
			knownRegions = (
				en,
				Base,
			);
			mainGroup = 21F1A73926A9475F00E6A1B5;
			productRefGroup = 21F1A74326A9475F00E6A1B5 /* Products */;
			projectDirPath = "";
			projectRoot = "";
			targets = (
				21F1A74126A9475F00E6A1B5 /* Esmeka-MC3 */,
			);
		};
/* End PBXProject section */

/* Begin PBXResourcesBuildPhase section */
		21F1A74026A9475F00E6A1B5 /* Resources */ = {
			isa = PBXResourcesBuildPhase;
			buildActionMask = 2147483647;
			files = (
				21F1A75526A9476000E6A1B5 /* LaunchScreen.storyboard in Resources */,
				21F1A75226A9476000E6A1B5 /* Assets.xcassets in Resources */,
			);
			runOnlyForDeploymentPostprocessing = 0;
		};
/* End PBXResourcesBuildPhase section */

/* Begin PBXSourcesBuildPhase section */
		21F1A73E26A9475F00E6A1B5 /* Sources */ = {
			isa = PBXSourcesBuildPhase;
			buildActionMask = 2147483647;
			files = (
				21F1A74626A9475F00E6A1B5 /* AppDelegate.swift in Sources */,
				21F1A74826A9475F00E6A1B5 /* SceneDelegate.swift in Sources */,
				21F1A75026A9475F00E6A1B5 /* Esmeka_MC3.xcdatamodeld in Sources */,
			);
			runOnlyForDeploymentPostprocessing = 0;
		};
/* End PBXSourcesBuildPhase section */

/* Begin PBXVariantGroup section */
		21F1A75326A9476000E6A1B5 /* LaunchScreen.storyboard */ = {
			isa = PBXVariantGroup;
			children = (
				21F1A75426A9476000E6A1B5 /* Base */,
			);
			name = LaunchScreen.storyboard;
			sourceTree = "<group>";
		};
/* End PBXVariantGroup section */

/* Begin XCBuildConfiguration section */
		21F1A75726A9476000E6A1B5 /* Debug */ = {
			isa = XCBuildConfiguration;
			buildSettings = {
				ALWAYS_SEARCH_USER_PATHS = NO;
				CLANG_ANALYZER_NONNULL = YES;
				CLANG_ANALYZER_NUMBER_OBJECT_CONVERSION = YES_AGGRESSIVE;
				CLANG_CXX_LANGUAGE_STANDARD = "gnu++14";
				CLANG_CXX_LIBRARY = "libc++";
				CLANG_ENABLE_MODULES = YES;
				CLANG_ENABLE_OBJC_ARC = YES;
				CLANG_ENABLE_OBJC_WEAK = YES;
				CLANG_WARN_BLOCK_CAPTURE_AUTORELEASING = YES;
				CLANG_WARN_BOOL_CONVERSION = YES;
				CLANG_WARN_COMMA = YES;
				CLANG_WARN_CONSTANT_CONVERSION = YES;
				CLANG_WARN_DEPRECATED_OBJC_IMPLEMENTATIONS = YES;
				CLANG_WARN_DIRECT_OBJC_ISA_USAGE = YES_ERROR;
				CLANG_WARN_DOCUMENTATION_COMMENTS = YES;
				CLANG_WARN_EMPTY_BODY = YES;
				CLANG_WARN_ENUM_CONVERSION = YES;
				CLANG_WARN_INFINITE_RECURSION = YES;
				CLANG_WARN_INT_CONVERSION = YES;
				CLANG_WARN_NON_LITERAL_NULL_CONVERSION = YES;
				CLANG_WARN_OBJC_IMPLICIT_RETAIN_SELF = YES;
				CLANG_WARN_OBJC_LITERAL_CONVERSION = YES;
				CLANG_WARN_OBJC_ROOT_CLASS = YES_ERROR;
				CLANG_WARN_QUOTED_INCLUDE_IN_FRAMEWORK_HEADER = YES;
				CLANG_WARN_RANGE_LOOP_ANALYSIS = YES;
				CLANG_WARN_STRICT_PROTOTYPES = YES;
				CLANG_WARN_SUSPICIOUS_MOVE = YES;
				CLANG_WARN_UNGUARDED_AVAILABILITY = YES_AGGRESSIVE;
				CLANG_WARN_UNREACHABLE_CODE = YES;
				CLANG_WARN__DUPLICATE_METHOD_MATCH = YES;
				COPY_PHASE_STRIP = NO;
				DEBUG_INFORMATION_FORMAT = dwarf;
				ENABLE_STRICT_OBJC_MSGSEND = YES;
				ENABLE_TESTABILITY = YES;
				GCC_C_LANGUAGE_STANDARD = gnu11;
				GCC_DYNAMIC_NO_PIC = NO;
				GCC_NO_COMMON_BLOCKS = YES;
				GCC_OPTIMIZATION_LEVEL = 0;
				GCC_PREPROCESSOR_DEFINITIONS = (
					"DEBUG=1",
					"$(inherited)",
				);
				GCC_WARN_64_TO_32_BIT_CONVERSION = YES;
				GCC_WARN_ABOUT_RETURN_TYPE = YES_ERROR;
				GCC_WARN_UNDECLARED_SELECTOR = YES;
				GCC_WARN_UNINITIALIZED_AUTOS = YES_AGGRESSIVE;
				GCC_WARN_UNUSED_FUNCTION = YES;
				GCC_WARN_UNUSED_VARIABLE = YES;
				IPHONEOS_DEPLOYMENT_TARGET = 14.5;
				MTL_ENABLE_DEBUG_INFO = INCLUDE_SOURCE;
				MTL_FAST_MATH = YES;
				ONLY_ACTIVE_ARCH = YES;
				SDKROOT = iphoneos;
				SWIFT_ACTIVE_COMPILATION_CONDITIONS = DEBUG;
				SWIFT_OPTIMIZATION_LEVEL = "-Onone";
			};
			name = Debug;
		};
		21F1A75826A9476000E6A1B5 /* Release */ = {
			isa = XCBuildConfiguration;
			buildSettings = {
				ALWAYS_SEARCH_USER_PATHS = NO;
				CLANG_ANALYZER_NONNULL = YES;
				CLANG_ANALYZER_NUMBER_OBJECT_CONVERSION = YES_AGGRESSIVE;
				CLANG_CXX_LANGUAGE_STANDARD = "gnu++14";
				CLANG_CXX_LIBRARY = "libc++";
				CLANG_ENABLE_MODULES = YES;
				CLANG_ENABLE_OBJC_ARC = YES;
				CLANG_ENABLE_OBJC_WEAK = YES;
				CLANG_WARN_BLOCK_CAPTURE_AUTORELEASING = YES;
				CLANG_WARN_BOOL_CONVERSION = YES;
				CLANG_WARN_COMMA = YES;
				CLANG_WARN_CONSTANT_CONVERSION = YES;
				CLANG_WARN_DEPRECATED_OBJC_IMPLEMENTATIONS = YES;
				CLANG_WARN_DIRECT_OBJC_ISA_USAGE = YES_ERROR;
				CLANG_WARN_DOCUMENTATION_COMMENTS = YES;
				CLANG_WARN_EMPTY_BODY = YES;
				CLANG_WARN_ENUM_CONVERSION = YES;
				CLANG_WARN_INFINITE_RECURSION = YES;
				CLANG_WARN_INT_CONVERSION = YES;
				CLANG_WARN_NON_LITERAL_NULL_CONVERSION = YES;
				CLANG_WARN_OBJC_IMPLICIT_RETAIN_SELF = YES;
				CLANG_WARN_OBJC_LITERAL_CONVERSION = YES;
				CLANG_WARN_OBJC_ROOT_CLASS = YES_ERROR;
				CLANG_WARN_QUOTED_INCLUDE_IN_FRAMEWORK_HEADER = YES;
				CLANG_WARN_RANGE_LOOP_ANALYSIS = YES;
				CLANG_WARN_STRICT_PROTOTYPES = YES;
				CLANG_WARN_SUSPICIOUS_MOVE = YES;
				CLANG_WARN_UNGUARDED_AVAILABILITY = YES_AGGRESSIVE;
				CLANG_WARN_UNREACHABLE_CODE = YES;
				CLANG_WARN__DUPLICATE_METHOD_MATCH = YES;
				COPY_PHASE_STRIP = NO;
				DEBUG_INFORMATION_FORMAT = "dwarf-with-dsym";
				ENABLE_NS_ASSERTIONS = NO;
				ENABLE_STRICT_OBJC_MSGSEND = YES;
				GCC_C_LANGUAGE_STANDARD = gnu11;
				GCC_NO_COMMON_BLOCKS = YES;
				GCC_WARN_64_TO_32_BIT_CONVERSION = YES;
				GCC_WARN_ABOUT_RETURN_TYPE = YES_ERROR;
				GCC_WARN_UNDECLARED_SELECTOR = YES;
				GCC_WARN_UNINITIALIZED_AUTOS = YES_AGGRESSIVE;
				GCC_WARN_UNUSED_FUNCTION = YES;
				GCC_WARN_UNUSED_VARIABLE = YES;
				IPHONEOS_DEPLOYMENT_TARGET = 14.5;
				MTL_ENABLE_DEBUG_INFO = NO;
				MTL_FAST_MATH = YES;
				SDKROOT = iphoneos;
				SWIFT_COMPILATION_MODE = wholemodule;
				SWIFT_OPTIMIZATION_LEVEL = "-O";
				VALIDATE_PRODUCT = YES;
			};
			name = Release;
		};
		21F1A75A26A9476000E6A1B5 /* Debug */ = {
			isa = XCBuildConfiguration;
			buildSettings = {
				ASSETCATALOG_COMPILER_APPICON_NAME = AppIcon;
				ASSETCATALOG_COMPILER_GLOBAL_ACCENT_COLOR_NAME = AccentColor;
				CODE_SIGN_STYLE = Automatic;
				DEVELOPMENT_TEAM = A79CU8U5L7;
				INFOPLIST_FILE = "Esmeka-MC3/Info.plist";
				LD_RUNPATH_SEARCH_PATHS = (
					"$(inherited)",
					"@executable_path/Frameworks",
				);
				PRODUCT_BUNDLE_IDENTIFIER = "AppleDev.Esmeka-MC3";
				PRODUCT_NAME = "$(TARGET_NAME)";
				SWIFT_VERSION = 5.0;
				TARGETED_DEVICE_FAMILY = "1,2";
			};
			name = Debug;
		};
		21F1A75B26A9476000E6A1B5 /* Release */ = {
			isa = XCBuildConfiguration;
			buildSettings = {
				ASSETCATALOG_COMPILER_APPICON_NAME = AppIcon;
				ASSETCATALOG_COMPILER_GLOBAL_ACCENT_COLOR_NAME = AccentColor;
				CODE_SIGN_STYLE = Automatic;
				DEVELOPMENT_TEAM = A79CU8U5L7;
				INFOPLIST_FILE = "Esmeka-MC3/Info.plist";
				LD_RUNPATH_SEARCH_PATHS = (
					"$(inherited)",
					"@executable_path/Frameworks",
				);
				PRODUCT_BUNDLE_IDENTIFIER = "AppleDev.Esmeka-MC3";
				PRODUCT_NAME = "$(TARGET_NAME)";
				SWIFT_VERSION = 5.0;
				TARGETED_DEVICE_FAMILY = "1,2";
			};
			name = Release;
		};
/* End XCBuildConfiguration section */

/* Begin XCConfigurationList section */
		21F1A73D26A9475F00E6A1B5 /* Build configuration list for PBXProject "Esmeka-MC3" */ = {
			isa = XCConfigurationList;
			buildConfigurations = (
				21F1A75726A9476000E6A1B5 /* Debug */,
				21F1A75826A9476000E6A1B5 /* Release */,
			);
			defaultConfigurationIsVisible = 0;
			defaultConfigurationName = Release;
		};
		21F1A75926A9476000E6A1B5 /* Build configuration list for PBXNativeTarget "Esmeka-MC3" */ = {
			isa = XCConfigurationList;
			buildConfigurations = (
				21F1A75A26A9476000E6A1B5 /* Debug */,
				21F1A75B26A9476000E6A1B5 /* Release */,
			);
			defaultConfigurationIsVisible = 0;
			defaultConfigurationName = Release;
		};
/* End XCConfigurationList section */

/* Begin XCVersionGroup section */
		21F1A74E26A9475F00E6A1B5 /* Esmeka_MC3.xcdatamodeld */ = {
			isa = XCVersionGroup;
			children = (
				21F1A74F26A9475F00E6A1B5 /* Esmeka_MC3.xcdatamodel */,
			);
			currentVersion = 21F1A74F26A9475F00E6A1B5 /* Esmeka_MC3.xcdatamodel */;
			path = Esmeka_MC3.xcdatamodeld;
			sourceTree = "<group>";
			versionGroupType = wrapper.xcdatamodel;
		};
/* End XCVersionGroup section */
	};
	rootObject = 21F1A73A26A9475F00E6A1B5 /* Project object */;
}
